
Microsoft Visual Studio Solution File, Format Version 12.00
# Visual Studio 15
Project("{FAE04EC0-301F-11D3-BF4B-00C04F79EFBC}") = "UnityEngine.Advertisements", "UnityEngine.Advertisements.csproj", "{64A2EC8D-C864-63AE-F806-198C58A3D461}"
EndProject
Project("{FAE04EC0-301F-11D3-BF4B-00C04F79EFBC}") = "Unity.Timeline", "Unity.Timeline.csproj", "{13E728CC-69A4-DAB8-C100-E2CC6FF16EB0}"
EndProject
Project("{FAE04EC0-301F-11D3-BF4B-00C04F79EFBC}") = "Unity.Timeline.Editor", "Unity.Timeline.Editor.csproj", "{48FA2707-1720-CB7E-7CE6-B71682FFC1CC}"
EndProject
Project("{FAE04EC0-301F-11D3-BF4B-00C04F79EFBC}") = "UnityEngine.Advertisements.Editor", "UnityEngine.Advertisements.Editor.csproj", "{4ADAE1AF-490E-DFE3-D755-8D4D0C989DCB}"
EndProject
Project("{FAE04EC0-301F-11D3-BF4B-00C04F79EFBC}") = "Unity.TextMeshPro.Editor", "Unity.TextMeshPro.Editor.csproj", "{47C8E5D8-7EFE-08E0-665C-D8221825A4EA}"
EndProject
Project("{FAE04EC0-301F-11D3-BF4B-00C04F79EFBC}") = "Unity.2D.Tilemap.Editor", "Unity.2D.Tilemap.Editor.csproj", "{0A83C140-9862-84FB-5EDF-3B988B75EFBE}"
EndProject
Project("{FAE04EC0-301F-11D3-BF4B-00C04F79EFBC}") = "Unity.Services.Core.Internal", "Unity.Services.Core.Internal.csproj", "{FFB0CCF0-4955-3059-CD2E-151F9375DA1E}"
EndProject
Project("{FAE04EC0-301F-11D3-BF4B-00C04F79EFBC}") = "Unity.PlasticSCM.Editor", "Unity.PlasticSCM.Editor.csproj", "{7222BB6F-FB32-6443-A02D-225D7D265E4B}"
EndProject
Project("{FAE04EC0-301F-11D3-BF4B-00C04F79EFBC}") = "UnityEditor.UI", "UnityEditor.UI.csproj", "{9DD7FC96-0DC4-698E-42DD-A4382532F1E6}"
EndProject
Project("{FAE04EC0-301F-11D3-BF4B-00C04F79EFBC}") = "UnityEditor.Purchasing", "UnityEditor.Purchasing.csproj", "{BFA13782-46D8-02BE-AE09-818E23311468}"
EndProject
Project("{FAE04EC0-301F-11D3-BF4B-00C04F79EFBC}") = "Unity.2D.Sprite.Editor", "Unity.2D.Sprite.Editor.csproj", "{09BAEC95-DB42-F0AA-0546-5E5ED6E46967}"
EndProject
Project("{FAE04EC0-301F-11D3-BF4B-00C04F79EFBC}") = "UnityEngine.Purchasing.Stores", "UnityEngine.Purchasing.Stores.csproj", "{835D7B20-93B4-9303-844F-9C03FED98CD3}"
EndProject
Project("{FAE04EC0-301F-11D3-BF4B-00C04F79EFBC}") = "UnityEngine.Purchasing", "UnityEngine.Purchasing.csproj", "{4BAFCEC7-9A2D-F9C9-4303-AEE03F7B4358}"
EndProject
Project("{FAE04EC0-301F-11D3-BF4B-00C04F79EFBC}") = "Unity.Services.Analytics", "Unity.Services.Analytics.csproj", "{9508EE63-6C7C-A799-8036-2D8F2521B939}"
EndProject
Project("{FAE04EC0-301F-11D3-BF4B-00C04F79EFBC}") = "Purchasing.Common", "Purchasing.Common.csproj", "{886F14B4-11DA-9DAA-DBF9-B8CF3E726DB9}"
EndProject
Project("{FAE04EC0-301F-11D3-BF4B-00C04F79EFBC}") = "UnityEngine.Advertisements.DevX.Editor", "UnityEngine.Advertisements.DevX.Editor.csproj", "{78FFA61B-8367-8380-10A3-82CD86015DC1}"
EndProject
Project("{FAE04EC0-301F-11D3-BF4B-00C04F79EFBC}") = "UnityEditor.TestRunner", "UnityEditor.TestRunner.csproj", "{BCF2C4E0-8FFB-6341-B27E-0A36EEA2E8F9}"
EndProject
Project("{FAE04EC0-301F-11D3-BF4B-00C04F79EFBC}") = "UnityEngine.TestRunner", "UnityEngine.TestRunner.csproj", "{D762232D-917E-365A-EA9A-366FAA4E4CED}"
EndProject
Project("{FAE04EC0-301F-11D3-BF4B-00C04F79EFBC}") = "Unity.Services.Core.Registration", "Unity.Services.Core.Registration.csproj", "{C1042BD6-5E2F-4681-89C1-4243AF64D00D}"
EndProject
Project("{FAE04EC0-301F-11D3-BF4B-00C04F79EFBC}") = "UnityEngine.UI", "UnityEngine.UI.csproj", "{D0052298-10C7-B321-F265-B5331B1F8050}"
EndProject
Project("{FAE04EC0-301F-11D3-BF4B-00C04F79EFBC}") = "Unity.Rider.Editor", "Unity.Rider.Editor.csproj", "{BDB48C0B-32E5-22A0-8F1C-707D4C1DCFF0}"
EndProject
Project("{FAE04EC0-301F-11D3-BF4B-00C04F79EFBC}") = "Unity.Services.Core.Environments.Editor", "Unity.Services.Core.Environments.Editor.csproj", "{4F1EF6DC-6EB2-33F4-ABF1-5E7519F58217}"
EndProject
Project("{FAE04EC0-301F-11D3-BF4B-00C04F79EFBC}") = "Unity.Services.Core", "Unity.Services.Core.csproj", "{16410830-DBC0-E913-3B5F-1B6D504FC1FC}"
EndProject
Project("{FAE04EC0-301F-11D3-BF4B-00C04F79EFBC}") = "Unity.Services.Core.Editor", "Unity.Services.Core.Editor.csproj", "{5FE407F1-AA6B-8750-67D2-11ABD00E1F2B}"
EndProject
Project("{FAE04EC0-301F-11D3-BF4B-00C04F79EFBC}") = "Unity.TextMeshPro", "Unity.TextMeshPro.csproj", "{D1C2D71B-2CD5-2E76-2F3F-BDEDAEC73767}"
EndProject
Project("{FAE04EC0-301F-11D3-BF4B-00C04F79EFBC}") = "Unity.AI.Navigation.Editor", "Unity.AI.Navigation.Editor.csproj", "{9CE2E6EC-9A87-3E68-0002-41B6497BA39D}"
EndProject
Project("{FAE04EC0-301F-11D3-BF4B-00C04F79EFBC}") = "Unity.VisualStudio.Editor", "Unity.VisualStudio.Editor.csproj", "{1924DA6B-D13A-5FFF-964A-3C993C814272}"
EndProject
Project("{FAE04EC0-301F-11D3-BF4B-00C04F79EFBC}") = "UnityEngine.Purchasing.WinRTCore", "UnityEngine.Purchasing.WinRTCore.csproj", "{1931E0F2-0AF5-91F0-6CDA-C455BBEDE689}"
EndProject
Project("{FAE04EC0-301F-11D3-BF4B-00C04F79EFBC}") = "Assembly-CSharp", "Assembly-CSharp.csproj", "{E3CEF019-CE36-50E9-D77D-E668C63C9ED9}"
EndProject
Project("{FAE04EC0-301F-11D3-BF4B-00C04F79EFBC}") = "Unity.Services.Core.Environments.Internal", "Unity.Services.Core.Environments.Internal.csproj", "{6018EC63-F6D5-C7C8-E7E5-F7B43D8F934E}"
EndProject
Project("{FAE04EC0-301F-11D3-BF4B-00C04F79EFBC}") = "Unity.AI.Navigation", "Unity.AI.Navigation.csproj", "{9F3F295D-9894-0F64-3C10-F1A56100BE0E}"
EndProject
Project("{FAE04EC0-301F-11D3-BF4B-00C04F79EFBC}") = "UnityEngine.Purchasing.Codeless", "UnityEngine.Purchasing.Codeless.csproj", "{70FDC94A-3EED-878A-F059-A7D23E6EFCE0}"
EndProject
Project("{FAE04EC0-301F-11D3-BF4B-00C04F79EFBC}") = "UnityEngine.XR.LegacyInputHelpers", "UnityEngine.XR.LegacyInputHelpers.csproj", "{D6A693B9-48E9-5DD5-A025-3F347C64AE70}"
EndProject
Project("{FAE04EC0-301F-11D3-BF4B-00C04F79EFBC}") = "Unity.Services.Core.Configuration", "Unity.Services.Core.Configuration.csproj", "{29709AD8-0669-101B-E362-E91B65371759}"
EndProject
Project("{FAE04EC0-301F-11D3-BF4B-00C04F79EFBC}") = "Unity.AI.Navigation.Editor.ConversionSystem", "Unity.AI.Navigation.Editor.ConversionSystem.csproj", "{E3880FB1-31B1-CB58-F265-0E560454BEBB}"
EndProject
Project("{FAE04EC0-301F-11D3-BF4B-00C04F79EFBC}") = "UnityEditor.XR.LegacyInputHelpers", "UnityEditor.XR.LegacyInputHelpers.csproj", "{33DE77B1-D8E8-658B-1EFE-AD8576DD8D7D}"
EndProject
Project("{FAE04EC0-301F-11D3-BF4B-00C04F79EFBC}") = "Unity.Services.Core.Telemetry", "Unity.Services.Core.Telemetry.csproj", "{DD47F929-4F5D-F131-6B39-8A620A07A532}"
EndProject
Project("{FAE04EC0-301F-11D3-BF4B-00C04F79EFBC}") = "Unity.Services.Core.Configuration.Editor", "Unity.Services.Core.Configuration.Editor.csproj", "{8CB4E9D6-4093-B0DF-662D-74866F88683D}"
EndProject
Project("{FAE04EC0-301F-11D3-BF4B-00C04F79EFBC}") = "UnityEngine.Purchasing.SecurityStub", "UnityEngine.Purchasing.SecurityStub.csproj", "{1602F4C6-8DC6-6CEB-3505-6E70362C15A2}"
EndProject
Project("{FAE04EC0-301F-11D3-BF4B-00C04F79EFBC}") = "Unity.Services.Core.Networking", "Unity.Services.Core.Networking.csproj", "{1BA09B49-970E-CF3D-DB48-AE0DB5F143CE}"
EndProject
Project("{FAE04EC0-301F-11D3-BF4B-00C04F79EFBC}") = "Unity.Services.Core.Device", "Unity.Services.Core.Device.csproj", "{1DC7A6D2-C917-FB24-B21E-CC676BC82854}"
EndProject
Project("{FAE04EC0-301F-11D3-BF4B-00C04F79EFBC}") = "UnityEngine.Purchasing.AppleMacosStub", "UnityEngine.Purchasing.AppleMacosStub.csproj", "{A7B00EE0-332A-CB83-0824-4C18D5345C40}"
EndProject
Project("{FAE04EC0-301F-11D3-BF4B-00C04F79EFBC}") = "Unity.Services.Core.Scheduler", "Unity.Services.Core.Scheduler.csproj", "{271B22E1-2F44-1AB3-9116-28CF2F3156DD}"
EndProject
Project("{FAE04EC0-301F-11D3-BF4B-00C04F79EFBC}") = "Unity.VSCode.Editor", "Unity.VSCode.Editor.csproj", "{208A83DE-BC2E-3761-C0AA-C6104BE5E799}"
EndProject
Project("{FAE04EC0-301F-11D3-BF4B-00C04F79EFBC}") = "Unity.Services.Analytics.Editor", "Unity.Services.Analytics.Editor.csproj", "{D8C2F581-6F79-43DF-0791-FF1241A3B65A}"
EndProject
Project("{FAE04EC0-301F-11D3-BF4B-00C04F79EFBC}") = "Unity.AI.Navigation.Updater", "Unity.AI.Navigation.Updater.csproj", "{24838B06-E3A1-6983-0DEC-500409A26732}"
EndProject
Project("{FAE04EC0-301F-11D3-BF4B-00C04F79EFBC}") = "UnityEngine.Purchasing.SecurityCore", "UnityEngine.Purchasing.SecurityCore.csproj", "{59DEC7E2-39E4-0406-3CD1-323D822E8503}"
EndProject
Project("{FAE04EC0-301F-11D3-BF4B-00C04F79EFBC}") = "UnityEditor.SpatialTracking", "UnityEditor.SpatialTracking.csproj", "{4C5FA9D1-CCD0-9761-1562-6769D0A94A75}"
EndProject
Project("{FAE04EC0-301F-11D3-BF4B-00C04F79EFBC}") = "UnityEngine.Purchasing.AppleCore", "UnityEngine.Purchasing.AppleCore.csproj", "{5113F5A3-5B2F-70FC-AB67-3C4C7642E267}"
EndProject
Project("{FAE04EC0-301F-11D3-BF4B-00C04F79EFBC}") = "Unity.Analytics.DataPrivacy", "Unity.Analytics.DataPrivacy.csproj", "{8DF4A506-2E64-0860-0495-10000F35A67C}"
EndProject
Project("{FAE04EC0-301F-11D3-BF4B-00C04F79EFBC}") = "UnityEngine.Purchasing.WinRTStub", "UnityEngine.Purchasing.WinRTStub.csproj", "{648E04ED-E330-D0B0-190C-3143C1C483B5}"
EndProject
Project("{FAE04EC0-301F-11D3-BF4B-00C04F79EFBC}") = "Unity.Services.Core.Analytics", "Unity.Services.Core.Analytics.csproj", "{08C9CDDE-E698-82C1-EA91-AC466027717B}"
EndProject
Project("{FAE04EC0-301F-11D3-BF4B-00C04F79EFBC}") = "UnityEngine.SpatialTracking", "UnityEngine.SpatialTracking.csproj", "{5F9759AF-248C-AF73-F080-DC2535B43F53}"
EndProject
Project("{FAE04EC0-301F-11D3-BF4B-00C04F79EFBC}") = "Unity.Services.Core.Threading", "Unity.Services.Core.Threading.csproj", "{11C618A5-43A6-F64B-A626-4892FF71719E}"
EndProject
Project("{FAE04EC0-301F-11D3-BF4B-00C04F79EFBC}") = "Unity.CollabProxy.Editor", "Unity.CollabProxy.Editor.csproj", "{7A14764A-342E-E282-EF73-800798A073BA}"
EndProject
Project("{FAE04EC0-301F-11D3-BF4B-00C04F79EFBC}") = "Unity.Services.Core.Environments", "Unity.Services.Core.Environments.csproj", "{CD19903C-14D9-FD15-9536-968A3627F80A}"
EndProject
Project("{FAE04EC0-301F-11D3-BF4B-00C04F79EFBC}") = "UnityEngine.Purchasing.AppleStub", "UnityEngine.Purchasing.AppleStub.csproj", "{F15CE7F7-054C-B862-0E03-0B076C36D999}"
EndProject
Project("{FAE04EC0-301F-11D3-BF4B-00C04F79EFBC}") = "Analytics", "Analytics.csproj", "{0AF95212-8909-5685-924C-D4132341F8E2}"
EndProject
Project("{FAE04EC0-301F-11D3-BF4B-00C04F79EFBC}") = "UnityEngine.Advertisements", "UnityEngine.Advertisements.Player.csproj", "{9C4A6719-CFCA-43DF-B801-6FEEC3248D08}"
EndProject
Project("{FAE04EC0-301F-11D3-BF4B-00C04F79EFBC}") = "Unity.Timeline", "Unity.Timeline.Player.csproj", "{278EAF71-839B-83C6-83C3-01D8C6619017}"
EndProject
Project("{FAE04EC0-301F-11D3-BF4B-00C04F79EFBC}") = "Unity.Services.Core.Internal", "Unity.Services.Core.Internal.Player.csproj", "{C08523B3-70CF-71D2-1FA1-48F8A0CC06B7}"
EndProject
Project("{FAE04EC0-301F-11D3-BF4B-00C04F79EFBC}") = "UnityEngine.Purchasing.Stores", "UnityEngine.Purchasing.Stores.Player.csproj", "{81674126-D5D0-B313-BE83-F054CCE0F4F4}"
EndProject
Project("{FAE04EC0-301F-11D3-BF4B-00C04F79EFBC}") = "UnityEngine.Purchasing", "UnityEngine.Purchasing.Player.csproj", "{85DFF14A-5E0B-B441-F228-BE05CB8B4169}"
EndProject
Project("{FAE04EC0-301F-11D3-BF4B-00C04F79EFBC}") = "Unity.Services.Analytics", "Unity.Services.Analytics.Player.csproj", "{21C49FE8-E430-F404-2D52-1671D5463DF6}"
EndProject
Project("{FAE04EC0-301F-11D3-BF4B-00C04F79EFBC}") = "Purchasing.Common", "Purchasing.Common.Player.csproj", "{5B5DDA3E-830A-6D3C-8269-EC552E5BC0B0}"
EndProject
Project("{FAE04EC0-301F-11D3-BF4B-00C04F79EFBC}") = "UnityEngine.TestRunner", "UnityEngine.TestRunner.Player.csproj", "{178F9B06-3293-8564-56C2-B66AC1633FB0}"
EndProject
Project("{FAE04EC0-301F-11D3-BF4B-00C04F79EFBC}") = "Unity.Services.Core.Registration", "Unity.Services.Core.Registration.Player.csproj", "{D620137B-B7A0-2E63-FBFC-520357838051}"
EndProject
Project("{FAE04EC0-301F-11D3-BF4B-00C04F79EFBC}") = "UnityEngine.UI", "UnityEngine.UI.Player.csproj", "{F60ADB43-9660-8862-9CEB-AD4A6D972A78}"
EndProject
Project("{FAE04EC0-301F-11D3-BF4B-00C04F79EFBC}") = "Unity.Services.Core", "Unity.Services.Core.Player.csproj", "{FD962136-72F0-716B-341C-783D98DD297B}"
EndProject
Project("{FAE04EC0-301F-11D3-BF4B-00C04F79EFBC}") = "Unity.TextMeshPro", "Unity.TextMeshPro.Player.csproj", "{6F4E0852-216A-6DC2-456B-4D23B1ABCED3}"
EndProject
Project("{FAE04EC0-301F-11D3-BF4B-00C04F79EFBC}") = "UnityEngine.Purchasing.WinRTCore", "UnityEngine.Purchasing.WinRTCore.Player.csproj", "{6D3B8C0C-8FC9-AC94-B17C-ED1A047EDC90}"
EndProject
Project("{FAE04EC0-301F-11D3-BF4B-00C04F79EFBC}") = "Assembly-CSharp", "Assembly-CSharp.Player.csproj", "{2444E87D-C966-B593-97CA-EA493F9494A0}"
EndProject
Project("{FAE04EC0-301F-11D3-BF4B-00C04F79EFBC}") = "Unity.Services.Core.Environments.Internal", "Unity.Services.Core.Environments.Internal.Player.csproj", "{7492C032-12F0-3CCB-B3E6-DCFB473A86E2}"
EndProject
Project("{FAE04EC0-301F-11D3-BF4B-00C04F79EFBC}") = "Unity.AI.Navigation", "Unity.AI.Navigation.Player.csproj", "{888ECA3D-7029-1034-C9CC-8A061ACBDE39}"
EndProject
Project("{FAE04EC0-301F-11D3-BF4B-00C04F79EFBC}") = "UnityEngine.Purchasing.Codeless", "UnityEngine.Purchasing.Codeless.Player.csproj", "{0B617D01-72A8-5EE5-A51B-55B4C89FF5B9}"
EndProject
Project("{FAE04EC0-301F-11D3-BF4B-00C04F79EFBC}") = "UnityEngine.XR.LegacyInputHelpers", "UnityEngine.XR.LegacyInputHelpers.Player.csproj", "{B5617AC6-C276-023F-9F77-2CE89B36CD00}"
EndProject
Project("{FAE04EC0-301F-11D3-BF4B-00C04F79EFBC}") = "Unity.Services.Core.Configuration", "Unity.Services.Core.Configuration.Player.csproj", "{0019456C-DD71-E1AD-2561-C483233E896F}"
EndProject
Project("{FAE04EC0-301F-11D3-BF4B-00C04F79EFBC}") = "Unity.Services.Core.Telemetry", "Unity.Services.Core.Telemetry.Player.csproj", "{5767740C-A0CE-B508-872D-0B46B7A04AC8}"
EndProject
Project("{FAE04EC0-301F-11D3-BF4B-00C04F79EFBC}") = "UnityEngine.Purchasing.SecurityStub", "UnityEngine.Purchasing.SecurityStub.Player.csproj", "{81A4F0F4-8448-8A24-96F9-A3BF8DCE8269}"
EndProject
Project("{FAE04EC0-301F-11D3-BF4B-00C04F79EFBC}") = "Unity.Services.Core.Networking", "Unity.Services.Core.Networking.Player.csproj", "{6B206EF7-817D-4C5F-96DC-2142D862219D}"
EndProject
Project("{FAE04EC0-301F-11D3-BF4B-00C04F79EFBC}") = "Unity.Services.Core.Device", "Unity.Services.Core.Device.Player.csproj", "{4D6F8D6E-83D0-6259-F7EC-EFE1BAAA7484}"
EndProject
Project("{FAE04EC0-301F-11D3-BF4B-00C04F79EFBC}") = "UnityEngine.Purchasing.AppleMacosStub", "UnityEngine.Purchasing.AppleMacosStub.Player.csproj", "{DA8EA321-2C19-9FA3-98B6-6A590C3AB301}"
EndProject
Project("{FAE04EC0-301F-11D3-BF4B-00C04F79EFBC}") = "Unity.Services.Core.Scheduler", "Unity.Services.Core.Scheduler.Player.csproj", "{A09615BC-F78A-D820-7BBF-7D91C079AE74}"
EndProject
Project("{FAE04EC0-301F-11D3-BF4B-00C04F79EFBC}") = "UnityEngine.Purchasing.SecurityCore", "UnityEngine.Purchasing.SecurityCore.Player.csproj", "{903D9933-92D4-56BD-EB70-E4D326208553}"
EndProject
Project("{FAE04EC0-301F-11D3-BF4B-00C04F79EFBC}") = "UnityEngine.Purchasing.AppleCore", "UnityEngine.Purchasing.AppleCore.Player.csproj", "{4B4546D2-7CFE-B822-FF19-4730C98A1D12}"
EndProject
Project("{FAE04EC0-301F-11D3-BF4B-00C04F79EFBC}") = "Unity.Analytics.DataPrivacy", "Unity.Analytics.DataPrivacy.Player.csproj", "{4D7D8A44-6AD2-F3B2-F6AD-C119362CFA95}"
EndProject
Project("{FAE04EC0-301F-11D3-BF4B-00C04F79EFBC}") = "UnityEngine.Purchasing.WinRTStub", "UnityEngine.Purchasing.WinRTStub.Player.csproj", "{DB189F6E-D2C2-131A-D6EC-11DA08424BA2}"
EndProject
Project("{FAE04EC0-301F-11D3-BF4B-00C04F79EFBC}") = "Unity.Services.Core.Analytics", "Unity.Services.Core.Analytics.Player.csproj", "{1E708F20-C5FA-561E-8E46-F39A4EB69C1E}"
EndProject
Project("{FAE04EC0-301F-11D3-BF4B-00C04F79EFBC}") = "UnityEngine.SpatialTracking", "UnityEngine.SpatialTracking.Player.csproj", "{5DA42879-275F-F43D-96CF-9DDD9155552C}"
EndProject
Project("{FAE04EC0-301F-11D3-BF4B-00C04F79EFBC}") = "Unity.Services.Core.Threading", "Unity.Services.Core.Threading.Player.csproj", "{7DDF0099-0805-314C-4703-EF471BC07126}"
EndProject
Project("{FAE04EC0-301F-11D3-BF4B-00C04F79EFBC}") = "Unity.Services.Core.Environments", "Unity.Services.Core.Environments.Player.csproj", "{4EFBE7FC-0410-37A1-9248-EA8CAF336969}"
EndProject
Project("{FAE04EC0-301F-11D3-BF4B-00C04F79EFBC}") = "UnityEngine.Purchasing.AppleStub", "UnityEngine.Purchasing.AppleStub.Player.csproj", "{0D84775D-5C19-D4FE-2D3A-C7E4C7BB7626}"
EndProject
Global
	GlobalSection(SolutionConfigurationPlatforms) = preSolution
		Debug|Any CPU = Debug|Any CPU
		Release|Any CPU = Release|Any CPU
	EndGlobalSection
	GlobalSection(ProjectConfigurationPlatforms) = postSolution
		{64A2EC8D-C864-63AE-F806-198C58A3D461}.Debug|Any CPU.ActiveCfg = Debug|Any CPU
		{64A2EC8D-C864-63AE-F806-198C58A3D461}.Debug|Any CPU.Build.0 = Debug|Any CPU
		{64A2EC8D-C864-63AE-F806-198C58A3D461}.Release|Any CPU.ActiveCfg = Release|Any CPU
		{64A2EC8D-C864-63AE-F806-198C58A3D461}.Release|Any CPU.Build.0 = Release|Any CPU
		{13E728CC-69A4-DAB8-C100-E2CC6FF16EB0}.Debug|Any CPU.ActiveCfg = Debug|Any CPU
		{13E728CC-69A4-DAB8-C100-E2CC6FF16EB0}.Debug|Any CPU.Build.0 = Debug|Any CPU
		{13E728CC-69A4-DAB8-C100-E2CC6FF16EB0}.Release|Any CPU.ActiveCfg = Release|Any CPU
		{13E728CC-69A4-DAB8-C100-E2CC6FF16EB0}.Release|Any CPU.Build.0 = Release|Any CPU
		{48FA2707-1720-CB7E-7CE6-B71682FFC1CC}.Debug|Any CPU.ActiveCfg = Debug|Any CPU
		{48FA2707-1720-CB7E-7CE6-B71682FFC1CC}.Debug|Any CPU.Build.0 = Debug|Any CPU
		{48FA2707-1720-CB7E-7CE6-B71682FFC1CC}.Release|Any CPU.ActiveCfg = Release|Any CPU
		{48FA2707-1720-CB7E-7CE6-B71682FFC1CC}.Release|Any CPU.Build.0 = Release|Any CPU
		{4ADAE1AF-490E-DFE3-D755-8D4D0C989DCB}.Debug|Any CPU.ActiveCfg = Debug|Any CPU
		{4ADAE1AF-490E-DFE3-D755-8D4D0C989DCB}.Debug|Any CPU.Build.0 = Debug|Any CPU
		{4ADAE1AF-490E-DFE3-D755-8D4D0C989DCB}.Release|Any CPU.ActiveCfg = Release|Any CPU
		{4ADAE1AF-490E-DFE3-D755-8D4D0C989DCB}.Release|Any CPU.Build.0 = Release|Any CPU
		{47C8E5D8-7EFE-08E0-665C-D8221825A4EA}.Debug|Any CPU.ActiveCfg = Debug|Any CPU
		{47C8E5D8-7EFE-08E0-665C-D8221825A4EA}.Debug|Any CPU.Build.0 = Debug|Any CPU
		{47C8E5D8-7EFE-08E0-665C-D8221825A4EA}.Release|Any CPU.ActiveCfg = Release|Any CPU
		{47C8E5D8-7EFE-08E0-665C-D8221825A4EA}.Release|Any CPU.Build.0 = Release|Any CPU
		{0A83C140-9862-84FB-5EDF-3B988B75EFBE}.Debug|Any CPU.ActiveCfg = Debug|Any CPU
		{0A83C140-9862-84FB-5EDF-3B988B75EFBE}.Debug|Any CPU.Build.0 = Debug|Any CPU
		{0A83C140-9862-84FB-5EDF-3B988B75EFBE}.Release|Any CPU.ActiveCfg = Release|Any CPU
		{0A83C140-9862-84FB-5EDF-3B988B75EFBE}.Release|Any CPU.Build.0 = Release|Any CPU
		{FFB0CCF0-4955-3059-CD2E-151F9375DA1E}.Debug|Any CPU.ActiveCfg = Debug|Any CPU
		{FFB0CCF0-4955-3059-CD2E-151F9375DA1E}.Debug|Any CPU.Build.0 = Debug|Any CPU
		{FFB0CCF0-4955-3059-CD2E-151F9375DA1E}.Release|Any CPU.ActiveCfg = Release|Any CPU
		{FFB0CCF0-4955-3059-CD2E-151F9375DA1E}.Release|Any CPU.Build.0 = Release|Any CPU
		{7222BB6F-FB32-6443-A02D-225D7D265E4B}.Debug|Any CPU.ActiveCfg = Debug|Any CPU
		{7222BB6F-FB32-6443-A02D-225D7D265E4B}.Debug|Any CPU.Build.0 = Debug|Any CPU
		{7222BB6F-FB32-6443-A02D-225D7D265E4B}.Release|Any CPU.ActiveCfg = Release|Any CPU
		{7222BB6F-FB32-6443-A02D-225D7D265E4B}.Release|Any CPU.Build.0 = Release|Any CPU
		{9DD7FC96-0DC4-698E-42DD-A4382532F1E6}.Debug|Any CPU.ActiveCfg = Debug|Any CPU
		{9DD7FC96-0DC4-698E-42DD-A4382532F1E6}.Debug|Any CPU.Build.0 = Debug|Any CPU
		{9DD7FC96-0DC4-698E-42DD-A4382532F1E6}.Release|Any CPU.ActiveCfg = Release|Any CPU
		{9DD7FC96-0DC4-698E-42DD-A4382532F1E6}.Release|Any CPU.Build.0 = Release|Any CPU
		{BFA13782-46D8-02BE-AE09-818E23311468}.Debug|Any CPU.ActiveCfg = Debug|Any CPU
		{BFA13782-46D8-02BE-AE09-818E23311468}.Debug|Any CPU.Build.0 = Debug|Any CPU
		{BFA13782-46D8-02BE-AE09-818E23311468}.Release|Any CPU.ActiveCfg = Release|Any CPU
		{BFA13782-46D8-02BE-AE09-818E23311468}.Release|Any CPU.Build.0 = Release|Any CPU
		{09BAEC95-DB42-F0AA-0546-5E5ED6E46967}.Debug|Any CPU.ActiveCfg = Debug|Any CPU
		{09BAEC95-DB42-F0AA-0546-5E5ED6E46967}.Debug|Any CPU.Build.0 = Debug|Any CPU
		{09BAEC95-DB42-F0AA-0546-5E5ED6E46967}.Release|Any CPU.ActiveCfg = Release|Any CPU
		{09BAEC95-DB42-F0AA-0546-5E5ED6E46967}.Release|Any CPU.Build.0 = Release|Any CPU
		{835D7B20-93B4-9303-844F-9C03FED98CD3}.Debug|Any CPU.ActiveCfg = Debug|Any CPU
		{835D7B20-93B4-9303-844F-9C03FED98CD3}.Debug|Any CPU.Build.0 = Debug|Any CPU
		{835D7B20-93B4-9303-844F-9C03FED98CD3}.Release|Any CPU.ActiveCfg = Release|Any CPU
		{835D7B20-93B4-9303-844F-9C03FED98CD3}.Release|Any CPU.Build.0 = Release|Any CPU
		{4BAFCEC7-9A2D-F9C9-4303-AEE03F7B4358}.Debug|Any CPU.ActiveCfg = Debug|Any CPU
		{4BAFCEC7-9A2D-F9C9-4303-AEE03F7B4358}.Debug|Any CPU.Build.0 = Debug|Any CPU
		{4BAFCEC7-9A2D-F9C9-4303-AEE03F7B4358}.Release|Any CPU.ActiveCfg = Release|Any CPU
		{4BAFCEC7-9A2D-F9C9-4303-AEE03F7B4358}.Release|Any CPU.Build.0 = Release|Any CPU
		{9508EE63-6C7C-A799-8036-2D8F2521B939}.Debug|Any CPU.ActiveCfg = Debug|Any CPU
		{9508EE63-6C7C-A799-8036-2D8F2521B939}.Debug|Any CPU.Build.0 = Debug|Any CPU
		{9508EE63-6C7C-A799-8036-2D8F2521B939}.Release|Any CPU.ActiveCfg = Release|Any CPU
		{9508EE63-6C7C-A799-8036-2D8F2521B939}.Release|Any CPU.Build.0 = Release|Any CPU
		{886F14B4-11DA-9DAA-DBF9-B8CF3E726DB9}.Debug|Any CPU.ActiveCfg = Debug|Any CPU
		{886F14B4-11DA-9DAA-DBF9-B8CF3E726DB9}.Debug|Any CPU.Build.0 = Debug|Any CPU
		{886F14B4-11DA-9DAA-DBF9-B8CF3E726DB9}.Release|Any CPU.ActiveCfg = Release|Any CPU
		{886F14B4-11DA-9DAA-DBF9-B8CF3E726DB9}.Release|Any CPU.Build.0 = Release|Any CPU
		{78FFA61B-8367-8380-10A3-82CD86015DC1}.Debug|Any CPU.ActiveCfg = Debug|Any CPU
		{78FFA61B-8367-8380-10A3-82CD86015DC1}.Debug|Any CPU.Build.0 = Debug|Any CPU
		{78FFA61B-8367-8380-10A3-82CD86015DC1}.Release|Any CPU.ActiveCfg = Release|Any CPU
		{78FFA61B-8367-8380-10A3-82CD86015DC1}.Release|Any CPU.Build.0 = Release|Any CPU
		{BCF2C4E0-8FFB-6341-B27E-0A36EEA2E8F9}.Debug|Any CPU.ActiveCfg = Debug|Any CPU
		{BCF2C4E0-8FFB-6341-B27E-0A36EEA2E8F9}.Debug|Any CPU.Build.0 = Debug|Any CPU
		{BCF2C4E0-8FFB-6341-B27E-0A36EEA2E8F9}.Release|Any CPU.ActiveCfg = Release|Any CPU
		{BCF2C4E0-8FFB-6341-B27E-0A36EEA2E8F9}.Release|Any CPU.Build.0 = Release|Any CPU
		{D762232D-917E-365A-EA9A-366FAA4E4CED}.Debug|Any CPU.ActiveCfg = Debug|Any CPU
		{D762232D-917E-365A-EA9A-366FAA4E4CED}.Debug|Any CPU.Build.0 = Debug|Any CPU
		{D762232D-917E-365A-EA9A-366FAA4E4CED}.Release|Any CPU.ActiveCfg = Release|Any CPU
		{D762232D-917E-365A-EA9A-366FAA4E4CED}.Release|Any CPU.Build.0 = Release|Any CPU
		{C1042BD6-5E2F-4681-89C1-4243AF64D00D}.Debug|Any CPU.ActiveCfg = Debug|Any CPU
		{C1042BD6-5E2F-4681-89C1-4243AF64D00D}.Debug|Any CPU.Build.0 = Debug|Any CPU
		{C1042BD6-5E2F-4681-89C1-4243AF64D00D}.Release|Any CPU.ActiveCfg = Release|Any CPU
		{C1042BD6-5E2F-4681-89C1-4243AF64D00D}.Release|Any CPU.Build.0 = Release|Any CPU
		{D0052298-10C7-B321-F265-B5331B1F8050}.Debug|Any CPU.ActiveCfg = Debug|Any CPU
		{D0052298-10C7-B321-F265-B5331B1F8050}.Debug|Any CPU.Build.0 = Debug|Any CPU
		{D0052298-10C7-B321-F265-B5331B1F8050}.Release|Any CPU.ActiveCfg = Release|Any CPU
		{D0052298-10C7-B321-F265-B5331B1F8050}.Release|Any CPU.Build.0 = Release|Any CPU
		{BDB48C0B-32E5-22A0-8F1C-707D4C1DCFF0}.Debug|Any CPU.ActiveCfg = Debug|Any CPU
		{BDB48C0B-32E5-22A0-8F1C-707D4C1DCFF0}.Debug|Any CPU.Build.0 = Debug|Any CPU
		{BDB48C0B-32E5-22A0-8F1C-707D4C1DCFF0}.Release|Any CPU.ActiveCfg = Release|Any CPU
		{BDB48C0B-32E5-22A0-8F1C-707D4C1DCFF0}.Release|Any CPU.Build.0 = Release|Any CPU
		{4F1EF6DC-6EB2-33F4-ABF1-5E7519F58217}.Debug|Any CPU.ActiveCfg = Debug|Any CPU
		{4F1EF6DC-6EB2-33F4-ABF1-5E7519F58217}.Debug|Any CPU.Build.0 = Debug|Any CPU
		{4F1EF6DC-6EB2-33F4-ABF1-5E7519F58217}.Release|Any CPU.ActiveCfg = Release|Any CPU
		{4F1EF6DC-6EB2-33F4-ABF1-5E7519F58217}.Release|Any CPU.Build.0 = Release|Any CPU
		{16410830-DBC0-E913-3B5F-1B6D504FC1FC}.Debug|Any CPU.ActiveCfg = Debug|Any CPU
		{16410830-DBC0-E913-3B5F-1B6D504FC1FC}.Debug|Any CPU.Build.0 = Debug|Any CPU
		{16410830-DBC0-E913-3B5F-1B6D504FC1FC}.Release|Any CPU.ActiveCfg = Release|Any CPU
		{16410830-DBC0-E913-3B5F-1B6D504FC1FC}.Release|Any CPU.Build.0 = Release|Any CPU
		{5FE407F1-AA6B-8750-67D2-11ABD00E1F2B}.Debug|Any CPU.ActiveCfg = Debug|Any CPU
		{5FE407F1-AA6B-8750-67D2-11ABD00E1F2B}.Debug|Any CPU.Build.0 = Debug|Any CPU
		{5FE407F1-AA6B-8750-67D2-11ABD00E1F2B}.Release|Any CPU.ActiveCfg = Release|Any CPU
		{5FE407F1-AA6B-8750-67D2-11ABD00E1F2B}.Release|Any CPU.Build.0 = Release|Any CPU
		{D1C2D71B-2CD5-2E76-2F3F-BDEDAEC73767}.Debug|Any CPU.ActiveCfg = Debug|Any CPU
		{D1C2D71B-2CD5-2E76-2F3F-BDEDAEC73767}.Debug|Any CPU.Build.0 = Debug|Any CPU
		{D1C2D71B-2CD5-2E76-2F3F-BDEDAEC73767}.Release|Any CPU.ActiveCfg = Release|Any CPU
		{D1C2D71B-2CD5-2E76-2F3F-BDEDAEC73767}.Release|Any CPU.Build.0 = Release|Any CPU
		{9CE2E6EC-9A87-3E68-0002-41B6497BA39D}.Debug|Any CPU.ActiveCfg = Debug|Any CPU
		{9CE2E6EC-9A87-3E68-0002-41B6497BA39D}.Debug|Any CPU.Build.0 = Debug|Any CPU
		{9CE2E6EC-9A87-3E68-0002-41B6497BA39D}.Release|Any CPU.ActiveCfg = Release|Any CPU
		{9CE2E6EC-9A87-3E68-0002-41B6497BA39D}.Release|Any CPU.Build.0 = Release|Any CPU
		{1924DA6B-D13A-5FFF-964A-3C993C814272}.Debug|Any CPU.ActiveCfg = Debug|Any CPU
		{1924DA6B-D13A-5FFF-964A-3C993C814272}.Debug|Any CPU.Build.0 = Debug|Any CPU
		{1924DA6B-D13A-5FFF-964A-3C993C814272}.Release|Any CPU.ActiveCfg = Release|Any CPU
		{1924DA6B-D13A-5FFF-964A-3C993C814272}.Release|Any CPU.Build.0 = Release|Any CPU
		{1931E0F2-0AF5-91F0-6CDA-C455BBEDE689}.Debug|Any CPU.ActiveCfg = Debug|Any CPU
		{1931E0F2-0AF5-91F0-6CDA-C455BBEDE689}.Debug|Any CPU.Build.0 = Debug|Any CPU
		{1931E0F2-0AF5-91F0-6CDA-C455BBEDE689}.Release|Any CPU.ActiveCfg = Release|Any CPU
		{1931E0F2-0AF5-91F0-6CDA-C455BBEDE689}.Release|Any CPU.Build.0 = Release|Any CPU
		{E3CEF019-CE36-50E9-D77D-E668C63C9ED9}.Debug|Any CPU.ActiveCfg = Debug|Any CPU
		{E3CEF019-CE36-50E9-D77D-E668C63C9ED9}.Debug|Any CPU.Build.0 = Debug|Any CPU
		{E3CEF019-CE36-50E9-D77D-E668C63C9ED9}.Release|Any CPU.ActiveCfg = Release|Any CPU
		{E3CEF019-CE36-50E9-D77D-E668C63C9ED9}.Release|Any CPU.Build.0 = Release|Any CPU
		{6018EC63-F6D5-C7C8-E7E5-F7B43D8F934E}.Debug|Any CPU.ActiveCfg = Debug|Any CPU
		{6018EC63-F6D5-C7C8-E7E5-F7B43D8F934E}.Debug|Any CPU.Build.0 = Debug|Any CPU
		{6018EC63-F6D5-C7C8-E7E5-F7B43D8F934E}.Release|Any CPU.ActiveCfg = Release|Any CPU
		{6018EC63-F6D5-C7C8-E7E5-F7B43D8F934E}.Release|Any CPU.Build.0 = Release|Any CPU
		{9F3F295D-9894-0F64-3C10-F1A56100BE0E}.Debug|Any CPU.ActiveCfg = Debug|Any CPU
		{9F3F295D-9894-0F64-3C10-F1A56100BE0E}.Debug|Any CPU.Build.0 = Debug|Any CPU
		{9F3F295D-9894-0F64-3C10-F1A56100BE0E}.Release|Any CPU.ActiveCfg = Release|Any CPU
		{9F3F295D-9894-0F64-3C10-F1A56100BE0E}.Release|Any CPU.Build.0 = Release|Any CPU
		{70FDC94A-3EED-878A-F059-A7D23E6EFCE0}.Debug|Any CPU.ActiveCfg = Debug|Any CPU
		{70FDC94A-3EED-878A-F059-A7D23E6EFCE0}.Debug|Any CPU.Build.0 = Debug|Any CPU
		{70FDC94A-3EED-878A-F059-A7D23E6EFCE0}.Release|Any CPU.ActiveCfg = Release|Any CPU
		{70FDC94A-3EED-878A-F059-A7D23E6EFCE0}.Release|Any CPU.Build.0 = Release|Any CPU
		{D6A693B9-48E9-5DD5-A025-3F347C64AE70}.Debug|Any CPU.ActiveCfg = Debug|Any CPU
		{D6A693B9-48E9-5DD5-A025-3F347C64AE70}.Debug|Any CPU.Build.0 = Debug|Any CPU
		{D6A693B9-48E9-5DD5-A025-3F347C64AE70}.Release|Any CPU.ActiveCfg = Release|Any CPU
		{D6A693B9-48E9-5DD5-A025-3F347C64AE70}.Release|Any CPU.Build.0 = Release|Any CPU
		{29709AD8-0669-101B-E362-E91B65371759}.Debug|Any CPU.ActiveCfg = Debug|Any CPU
		{29709AD8-0669-101B-E362-E91B65371759}.Debug|Any CPU.Build.0 = Debug|Any CPU
		{29709AD8-0669-101B-E362-E91B65371759}.Release|Any CPU.ActiveCfg = Release|Any CPU
		{29709AD8-0669-101B-E362-E91B65371759}.Release|Any CPU.Build.0 = Release|Any CPU
		{E3880FB1-31B1-CB58-F265-0E560454BEBB}.Debug|Any CPU.ActiveCfg = Debug|Any CPU
		{E3880FB1-31B1-CB58-F265-0E560454BEBB}.Debug|Any CPU.Build.0 = Debug|Any CPU
		{E3880FB1-31B1-CB58-F265-0E560454BEBB}.Release|Any CPU.ActiveCfg = Release|Any CPU
		{E3880FB1-31B1-CB58-F265-0E560454BEBB}.Release|Any CPU.Build.0 = Release|Any CPU
		{33DE77B1-D8E8-658B-1EFE-AD8576DD8D7D}.Debug|Any CPU.ActiveCfg = Debug|Any CPU
		{33DE77B1-D8E8-658B-1EFE-AD8576DD8D7D}.Debug|Any CPU.Build.0 = Debug|Any CPU
		{33DE77B1-D8E8-658B-1EFE-AD8576DD8D7D}.Release|Any CPU.ActiveCfg = Release|Any CPU
		{33DE77B1-D8E8-658B-1EFE-AD8576DD8D7D}.Release|Any CPU.Build.0 = Release|Any CPU
		{DD47F929-4F5D-F131-6B39-8A620A07A532}.Debug|Any CPU.ActiveCfg = Debug|Any CPU
		{DD47F929-4F5D-F131-6B39-8A620A07A532}.Debug|Any CPU.Build.0 = Debug|Any CPU
		{DD47F929-4F5D-F131-6B39-8A620A07A532}.Release|Any CPU.ActiveCfg = Release|Any CPU
		{DD47F929-4F5D-F131-6B39-8A620A07A532}.Release|Any CPU.Build.0 = Release|Any CPU
		{8CB4E9D6-4093-B0DF-662D-74866F88683D}.Debug|Any CPU.ActiveCfg = Debug|Any CPU
		{8CB4E9D6-4093-B0DF-662D-74866F88683D}.Debug|Any CPU.Build.0 = Debug|Any CPU
		{8CB4E9D6-4093-B0DF-662D-74866F88683D}.Release|Any CPU.ActiveCfg = Release|Any CPU
		{8CB4E9D6-4093-B0DF-662D-74866F88683D}.Release|Any CPU.Build.0 = Release|Any CPU
		{1602F4C6-8DC6-6CEB-3505-6E70362C15A2}.Debug|Any CPU.ActiveCfg = Debug|Any CPU
		{1602F4C6-8DC6-6CEB-3505-6E70362C15A2}.Debug|Any CPU.Build.0 = Debug|Any CPU
		{1602F4C6-8DC6-6CEB-3505-6E70362C15A2}.Release|Any CPU.ActiveCfg = Release|Any CPU
		{1602F4C6-8DC6-6CEB-3505-6E70362C15A2}.Release|Any CPU.Build.0 = Release|Any CPU
		{1BA09B49-970E-CF3D-DB48-AE0DB5F143CE}.Debug|Any CPU.ActiveCfg = Debug|Any CPU
		{1BA09B49-970E-CF3D-DB48-AE0DB5F143CE}.Debug|Any CPU.Build.0 = Debug|Any CPU
		{1BA09B49-970E-CF3D-DB48-AE0DB5F143CE}.Release|Any CPU.ActiveCfg = Release|Any CPU
		{1BA09B49-970E-CF3D-DB48-AE0DB5F143CE}.Release|Any CPU.Build.0 = Release|Any CPU
		{1DC7A6D2-C917-FB24-B21E-CC676BC82854}.Debug|Any CPU.ActiveCfg = Debug|Any CPU
		{1DC7A6D2-C917-FB24-B21E-CC676BC82854}.Debug|Any CPU.Build.0 = Debug|Any CPU
		{1DC7A6D2-C917-FB24-B21E-CC676BC82854}.Release|Any CPU.ActiveCfg = Release|Any CPU
		{1DC7A6D2-C917-FB24-B21E-CC676BC82854}.Release|Any CPU.Build.0 = Release|Any CPU
		{A7B00EE0-332A-CB83-0824-4C18D5345C40}.Debug|Any CPU.ActiveCfg = Debug|Any CPU
		{A7B00EE0-332A-CB83-0824-4C18D5345C40}.Debug|Any CPU.Build.0 = Debug|Any CPU
		{A7B00EE0-332A-CB83-0824-4C18D5345C40}.Release|Any CPU.ActiveCfg = Release|Any CPU
		{A7B00EE0-332A-CB83-0824-4C18D5345C40}.Release|Any CPU.Build.0 = Release|Any CPU
		{271B22E1-2F44-1AB3-9116-28CF2F3156DD}.Debug|Any CPU.ActiveCfg = Debug|Any CPU
		{271B22E1-2F44-1AB3-9116-28CF2F3156DD}.Debug|Any CPU.Build.0 = Debug|Any CPU
		{271B22E1-2F44-1AB3-9116-28CF2F3156DD}.Release|Any CPU.ActiveCfg = Release|Any CPU
		{271B22E1-2F44-1AB3-9116-28CF2F3156DD}.Release|Any CPU.Build.0 = Release|Any CPU
		{208A83DE-BC2E-3761-C0AA-C6104BE5E799}.Debug|Any CPU.ActiveCfg = Debug|Any CPU
		{208A83DE-BC2E-3761-C0AA-C6104BE5E799}.Debug|Any CPU.Build.0 = Debug|Any CPU
		{208A83DE-BC2E-3761-C0AA-C6104BE5E799}.Release|Any CPU.ActiveCfg = Release|Any CPU
		{208A83DE-BC2E-3761-C0AA-C6104BE5E799}.Release|Any CPU.Build.0 = Release|Any CPU
		{D8C2F581-6F79-43DF-0791-FF1241A3B65A}.Debug|Any CPU.ActiveCfg = Debug|Any CPU
		{D8C2F581-6F79-43DF-0791-FF1241A3B65A}.Debug|Any CPU.Build.0 = Debug|Any CPU
		{D8C2F581-6F79-43DF-0791-FF1241A3B65A}.Release|Any CPU.ActiveCfg = Release|Any CPU
		{D8C2F581-6F79-43DF-0791-FF1241A3B65A}.Release|Any CPU.Build.0 = Release|Any CPU
		{24838B06-E3A1-6983-0DEC-500409A26732}.Debug|Any CPU.ActiveCfg = Debug|Any CPU
		{24838B06-E3A1-6983-0DEC-500409A26732}.Debug|Any CPU.Build.0 = Debug|Any CPU
		{24838B06-E3A1-6983-0DEC-500409A26732}.Release|Any CPU.ActiveCfg = Release|Any CPU
		{24838B06-E3A1-6983-0DEC-500409A26732}.Release|Any CPU.Build.0 = Release|Any CPU
		{59DEC7E2-39E4-0406-3CD1-323D822E8503}.Debug|Any CPU.ActiveCfg = Debug|Any CPU
		{59DEC7E2-39E4-0406-3CD1-323D822E8503}.Debug|Any CPU.Build.0 = Debug|Any CPU
		{59DEC7E2-39E4-0406-3CD1-323D822E8503}.Release|Any CPU.ActiveCfg = Release|Any CPU
		{59DEC7E2-39E4-0406-3CD1-323D822E8503}.Release|Any CPU.Build.0 = Release|Any CPU
		{4C5FA9D1-CCD0-9761-1562-6769D0A94A75}.Debug|Any CPU.ActiveCfg = Debug|Any CPU
		{4C5FA9D1-CCD0-9761-1562-6769D0A94A75}.Debug|Any CPU.Build.0 = Debug|Any CPU
		{4C5FA9D1-CCD0-9761-1562-6769D0A94A75}.Release|Any CPU.ActiveCfg = Release|Any CPU
		{4C5FA9D1-CCD0-9761-1562-6769D0A94A75}.Release|Any CPU.Build.0 = Release|Any CPU
		{5113F5A3-5B2F-70FC-AB67-3C4C7642E267}.Debug|Any CPU.ActiveCfg = Debug|Any CPU
		{5113F5A3-5B2F-70FC-AB67-3C4C7642E267}.Debug|Any CPU.Build.0 = Debug|Any CPU
		{5113F5A3-5B2F-70FC-AB67-3C4C7642E267}.Release|Any CPU.ActiveCfg = Release|Any CPU
		{5113F5A3-5B2F-70FC-AB67-3C4C7642E267}.Release|Any CPU.Build.0 = Release|Any CPU
		{8DF4A506-2E64-0860-0495-10000F35A67C}.Debug|Any CPU.ActiveCfg = Debug|Any CPU
		{8DF4A506-2E64-0860-0495-10000F35A67C}.Debug|Any CPU.Build.0 = Debug|Any CPU
		{8DF4A506-2E64-0860-0495-10000F35A67C}.Release|Any CPU.ActiveCfg = Release|Any CPU
		{8DF4A506-2E64-0860-0495-10000F35A67C}.Release|Any CPU.Build.0 = Release|Any CPU
		{648E04ED-E330-D0B0-190C-3143C1C483B5}.Debug|Any CPU.ActiveCfg = Debug|Any CPU
		{648E04ED-E330-D0B0-190C-3143C1C483B5}.Debug|Any CPU.Build.0 = Debug|Any CPU
		{648E04ED-E330-D0B0-190C-3143C1C483B5}.Release|Any CPU.ActiveCfg = Release|Any CPU
		{648E04ED-E330-D0B0-190C-3143C1C483B5}.Release|Any CPU.Build.0 = Release|Any CPU
		{08C9CDDE-E698-82C1-EA91-AC466027717B}.Debug|Any CPU.ActiveCfg = Debug|Any CPU
		{08C9CDDE-E698-82C1-EA91-AC466027717B}.Debug|Any CPU.Build.0 = Debug|Any CPU
		{08C9CDDE-E698-82C1-EA91-AC466027717B}.Release|Any CPU.ActiveCfg = Release|Any CPU
		{08C9CDDE-E698-82C1-EA91-AC466027717B}.Release|Any CPU.Build.0 = Release|Any CPU
		{5F9759AF-248C-AF73-F080-DC2535B43F53}.Debug|Any CPU.ActiveCfg = Debug|Any CPU
		{5F9759AF-248C-AF73-F080-DC2535B43F53}.Debug|Any CPU.Build.0 = Debug|Any CPU
		{5F9759AF-248C-AF73-F080-DC2535B43F53}.Release|Any CPU.ActiveCfg = Release|Any CPU
		{5F9759AF-248C-AF73-F080-DC2535B43F53}.Release|Any CPU.Build.0 = Release|Any CPU
		{11C618A5-43A6-F64B-A626-4892FF71719E}.Debug|Any CPU.ActiveCfg = Debug|Any CPU
		{11C618A5-43A6-F64B-A626-4892FF71719E}.Debug|Any CPU.Build.0 = Debug|Any CPU
		{11C618A5-43A6-F64B-A626-4892FF71719E}.Release|Any CPU.ActiveCfg = Release|Any CPU
		{11C618A5-43A6-F64B-A626-4892FF71719E}.Release|Any CPU.Build.0 = Release|Any CPU
		{7A14764A-342E-E282-EF73-800798A073BA}.Debug|Any CPU.ActiveCfg = Debug|Any CPU
		{7A14764A-342E-E282-EF73-800798A073BA}.Debug|Any CPU.Build.0 = Debug|Any CPU
		{7A14764A-342E-E282-EF73-800798A073BA}.Release|Any CPU.ActiveCfg = Release|Any CPU
		{7A14764A-342E-E282-EF73-800798A073BA}.Release|Any CPU.Build.0 = Release|Any CPU
		{CD19903C-14D9-FD15-9536-968A3627F80A}.Debug|Any CPU.ActiveCfg = Debug|Any CPU
		{CD19903C-14D9-FD15-9536-968A3627F80A}.Debug|Any CPU.Build.0 = Debug|Any CPU
		{CD19903C-14D9-FD15-9536-968A3627F80A}.Release|Any CPU.ActiveCfg = Release|Any CPU
		{CD19903C-14D9-FD15-9536-968A3627F80A}.Release|Any CPU.Build.0 = Release|Any CPU
		{F15CE7F7-054C-B862-0E03-0B076C36D999}.Debug|Any CPU.ActiveCfg = Debug|Any CPU
		{F15CE7F7-054C-B862-0E03-0B076C36D999}.Debug|Any CPU.Build.0 = Debug|Any CPU
		{F15CE7F7-054C-B862-0E03-0B076C36D999}.Release|Any CPU.ActiveCfg = Release|Any CPU
		{F15CE7F7-054C-B862-0E03-0B076C36D999}.Release|Any CPU.Build.0 = Release|Any CPU
		{0AF95212-8909-5685-924C-D4132341F8E2}.Debug|Any CPU.ActiveCfg = Debug|Any CPU
		{0AF95212-8909-5685-924C-D4132341F8E2}.Debug|Any CPU.Build.0 = Debug|Any CPU
		{0AF95212-8909-5685-924C-D4132341F8E2}.Release|Any CPU.ActiveCfg = Release|Any CPU
		{0AF95212-8909-5685-924C-D4132341F8E2}.Release|Any CPU.Build.0 = Release|Any CPU
		{9C4A6719-CFCA-43DF-B801-6FEEC3248D08}.Debug|Any CPU.ActiveCfg = Debug|Any CPU
		{9C4A6719-CFCA-43DF-B801-6FEEC3248D08}.Debug|Any CPU.Build.0 = Debug|Any CPU
		{9C4A6719-CFCA-43DF-B801-6FEEC3248D08}.Release|Any CPU.ActiveCfg = Release|Any CPU
		{9C4A6719-CFCA-43DF-B801-6FEEC3248D08}.Release|Any CPU.Build.0 = Release|Any CPU
		{278EAF71-839B-83C6-83C3-01D8C6619017}.Debug|Any CPU.ActiveCfg = Debug|Any CPU
		{278EAF71-839B-83C6-83C3-01D8C6619017}.Debug|Any CPU.Build.0 = Debug|Any CPU
		{278EAF71-839B-83C6-83C3-01D8C6619017}.Release|Any CPU.ActiveCfg = Release|Any CPU
		{278EAF71-839B-83C6-83C3-01D8C6619017}.Release|Any CPU.Build.0 = Release|Any CPU
		{C08523B3-70CF-71D2-1FA1-48F8A0CC06B7}.Debug|Any CPU.ActiveCfg = Debug|Any CPU
		{C08523B3-70CF-71D2-1FA1-48F8A0CC06B7}.Debug|Any CPU.Build.0 = Debug|Any CPU
		{C08523B3-70CF-71D2-1FA1-48F8A0CC06B7}.Release|Any CPU.ActiveCfg = Release|Any CPU
		{C08523B3-70CF-71D2-1FA1-48F8A0CC06B7}.Release|Any CPU.Build.0 = Release|Any CPU
		{81674126-D5D0-B313-BE83-F054CCE0F4F4}.Debug|Any CPU.ActiveCfg = Debug|Any CPU
		{81674126-D5D0-B313-BE83-F054CCE0F4F4}.Debug|Any CPU.Build.0 = Debug|Any CPU
		{81674126-D5D0-B313-BE83-F054CCE0F4F4}.Release|Any CPU.ActiveCfg = Release|Any CPU
		{81674126-D5D0-B313-BE83-F054CCE0F4F4}.Release|Any CPU.Build.0 = Release|Any CPU
		{85DFF14A-5E0B-B441-F228-BE05CB8B4169}.Debug|Any CPU.ActiveCfg = Debug|Any CPU
		{85DFF14A-5E0B-B441-F228-BE05CB8B4169}.Debug|Any CPU.Build.0 = Debug|Any CPU
		{85DFF14A-5E0B-B441-F228-BE05CB8B4169}.Release|Any CPU.ActiveCfg = Release|Any CPU
		{85DFF14A-5E0B-B441-F228-BE05CB8B4169}.Release|Any CPU.Build.0 = Release|Any CPU
		{21C49FE8-E430-F404-2D52-1671D5463DF6}.Debug|Any CPU.ActiveCfg = Debug|Any CPU
		{21C49FE8-E430-F404-2D52-1671D5463DF6}.Debug|Any CPU.Build.0 = Debug|Any CPU
		{21C49FE8-E430-F404-2D52-1671D5463DF6}.Release|Any CPU.ActiveCfg = Release|Any CPU
		{21C49FE8-E430-F404-2D52-1671D5463DF6}.Release|Any CPU.Build.0 = Release|Any CPU
		{5B5DDA3E-830A-6D3C-8269-EC552E5BC0B0}.Debug|Any CPU.ActiveCfg = Debug|Any CPU
		{5B5DDA3E-830A-6D3C-8269-EC552E5BC0B0}.Debug|Any CPU.Build.0 = Debug|Any CPU
		{5B5DDA3E-830A-6D3C-8269-EC552E5BC0B0}.Release|Any CPU.ActiveCfg = Release|Any CPU
		{5B5DDA3E-830A-6D3C-8269-EC552E5BC0B0}.Release|Any CPU.Build.0 = Release|Any CPU
		{178F9B06-3293-8564-56C2-B66AC1633FB0}.Debug|Any CPU.ActiveCfg = Debug|Any CPU
		{178F9B06-3293-8564-56C2-B66AC1633FB0}.Debug|Any CPU.Build.0 = Debug|Any CPU
		{178F9B06-3293-8564-56C2-B66AC1633FB0}.Release|Any CPU.ActiveCfg = Release|Any CPU
		{178F9B06-3293-8564-56C2-B66AC1633FB0}.Release|Any CPU.Build.0 = Release|Any CPU
		{D620137B-B7A0-2E63-FBFC-520357838051}.Debug|Any CPU.ActiveCfg = Debug|Any CPU
		{D620137B-B7A0-2E63-FBFC-520357838051}.Debug|Any CPU.Build.0 = Debug|Any CPU
		{D620137B-B7A0-2E63-FBFC-520357838051}.Release|Any CPU.ActiveCfg = Release|Any CPU
		{D620137B-B7A0-2E63-FBFC-520357838051}.Release|Any CPU.Build.0 = Release|Any CPU
		{F60ADB43-9660-8862-9CEB-AD4A6D972A78}.Debug|Any CPU.ActiveCfg = Debug|Any CPU
		{F60ADB43-9660-8862-9CEB-AD4A6D972A78}.Debug|Any CPU.Build.0 = Debug|Any CPU
		{F60ADB43-9660-8862-9CEB-AD4A6D972A78}.Release|Any CPU.ActiveCfg = Release|Any CPU
		{F60ADB43-9660-8862-9CEB-AD4A6D972A78}.Release|Any CPU.Build.0 = Release|Any CPU
		{FD962136-72F0-716B-341C-783D98DD297B}.Debug|Any CPU.ActiveCfg = Debug|Any CPU
		{FD962136-72F0-716B-341C-783D98DD297B}.Debug|Any CPU.Build.0 = Debug|Any CPU
		{FD962136-72F0-716B-341C-783D98DD297B}.Release|Any CPU.ActiveCfg = Release|Any CPU
		{FD962136-72F0-716B-341C-783D98DD297B}.Release|Any CPU.Build.0 = Release|Any CPU
		{6F4E0852-216A-6DC2-456B-4D23B1ABCED3}.Debug|Any CPU.ActiveCfg = Debug|Any CPU
		{6F4E0852-216A-6DC2-456B-4D23B1ABCED3}.Debug|Any CPU.Build.0 = Debug|Any CPU
		{6F4E0852-216A-6DC2-456B-4D23B1ABCED3}.Release|Any CPU.ActiveCfg = Release|Any CPU
		{6F4E0852-216A-6DC2-456B-4D23B1ABCED3}.Release|Any CPU.Build.0 = Release|Any CPU
		{6D3B8C0C-8FC9-AC94-B17C-ED1A047EDC90}.Debug|Any CPU.ActiveCfg = Debug|Any CPU
		{6D3B8C0C-8FC9-AC94-B17C-ED1A047EDC90}.Debug|Any CPU.Build.0 = Debug|Any CPU
		{6D3B8C0C-8FC9-AC94-B17C-ED1A047EDC90}.Release|Any CPU.ActiveCfg = Release|Any CPU
		{6D3B8C0C-8FC9-AC94-B17C-ED1A047EDC90}.Release|Any CPU.Build.0 = Release|Any CPU
		{2444E87D-C966-B593-97CA-EA493F9494A0}.Debug|Any CPU.ActiveCfg = Debug|Any CPU
		{2444E87D-C966-B593-97CA-EA493F9494A0}.Debug|Any CPU.Build.0 = Debug|Any CPU
		{2444E87D-C966-B593-97CA-EA493F9494A0}.Release|Any CPU.ActiveCfg = Release|Any CPU
		{2444E87D-C966-B593-97CA-EA493F9494A0}.Release|Any CPU.Build.0 = Release|Any CPU
		{7492C032-12F0-3CCB-B3E6-DCFB473A86E2}.Debug|Any CPU.ActiveCfg = Debug|Any CPU
		{7492C032-12F0-3CCB-B3E6-DCFB473A86E2}.Debug|Any CPU.Build.0 = Debug|Any CPU
		{7492C032-12F0-3CCB-B3E6-DCFB473A86E2}.Release|Any CPU.ActiveCfg = Release|Any CPU
		{7492C032-12F0-3CCB-B3E6-DCFB473A86E2}.Release|Any CPU.Build.0 = Release|Any CPU
		{888ECA3D-7029-1034-C9CC-8A061ACBDE39}.Debug|Any CPU.ActiveCfg = Debug|Any CPU
		{888ECA3D-7029-1034-C9CC-8A061ACBDE39}.Debug|Any CPU.Build.0 = Debug|Any CPU
		{888ECA3D-7029-1034-C9CC-8A061ACBDE39}.Release|Any CPU.ActiveCfg = Release|Any CPU
		{888ECA3D-7029-1034-C9CC-8A061ACBDE39}.Release|Any CPU.Build.0 = Release|Any CPU
		{0B617D01-72A8-5EE5-A51B-55B4C89FF5B9}.Debug|Any CPU.ActiveCfg = Debug|Any CPU
		{0B617D01-72A8-5EE5-A51B-55B4C89FF5B9}.Debug|Any CPU.Build.0 = Debug|Any CPU
		{0B617D01-72A8-5EE5-A51B-55B4C89FF5B9}.Release|Any CPU.ActiveCfg = Release|Any CPU
		{0B617D01-72A8-5EE5-A51B-55B4C89FF5B9}.Release|Any CPU.Build.0 = Release|Any CPU
		{B5617AC6-C276-023F-9F77-2CE89B36CD00}.Debug|Any CPU.ActiveCfg = Debug|Any CPU
		{B5617AC6-C276-023F-9F77-2CE89B36CD00}.Debug|Any CPU.Build.0 = Debug|Any CPU
		{B5617AC6-C276-023F-9F77-2CE89B36CD00}.Release|Any CPU.ActiveCfg = Release|Any CPU
		{B5617AC6-C276-023F-9F77-2CE89B36CD00}.Release|Any CPU.Build.0 = Release|Any CPU
		{0019456C-DD71-E1AD-2561-C483233E896F}.Debug|Any CPU.ActiveCfg = Debug|Any CPU
		{0019456C-DD71-E1AD-2561-C483233E896F}.Debug|Any CPU.Build.0 = Debug|Any CPU
		{0019456C-DD71-E1AD-2561-C483233E896F}.Release|Any CPU.ActiveCfg = Release|Any CPU
		{0019456C-DD71-E1AD-2561-C483233E896F}.Release|Any CPU.Build.0 = Release|Any CPU
		{5767740C-A0CE-B508-872D-0B46B7A04AC8}.Debug|Any CPU.ActiveCfg = Debug|Any CPU
		{5767740C-A0CE-B508-872D-0B46B7A04AC8}.Debug|Any CPU.Build.0 = Debug|Any CPU
		{5767740C-A0CE-B508-872D-0B46B7A04AC8}.Release|Any CPU.ActiveCfg = Release|Any CPU
		{5767740C-A0CE-B508-872D-0B46B7A04AC8}.Release|Any CPU.Build.0 = Release|Any CPU
		{81A4F0F4-8448-8A24-96F9-A3BF8DCE8269}.Debug|Any CPU.ActiveCfg = Debug|Any CPU
		{81A4F0F4-8448-8A24-96F9-A3BF8DCE8269}.Debug|Any CPU.Build.0 = Debug|Any CPU
		{81A4F0F4-8448-8A24-96F9-A3BF8DCE8269}.Release|Any CPU.ActiveCfg = Release|Any CPU
		{81A4F0F4-8448-8A24-96F9-A3BF8DCE8269}.Release|Any CPU.Build.0 = Release|Any CPU
		{6B206EF7-817D-4C5F-96DC-2142D862219D}.Debug|Any CPU.ActiveCfg = Debug|Any CPU
		{6B206EF7-817D-4C5F-96DC-2142D862219D}.Debug|Any CPU.Build.0 = Debug|Any CPU
		{6B206EF7-817D-4C5F-96DC-2142D862219D}.Release|Any CPU.ActiveCfg = Release|Any CPU
		{6B206EF7-817D-4C5F-96DC-2142D862219D}.Release|Any CPU.Build.0 = Release|Any CPU
		{4D6F8D6E-83D0-6259-F7EC-EFE1BAAA7484}.Debug|Any CPU.ActiveCfg = Debug|Any CPU
		{4D6F8D6E-83D0-6259-F7EC-EFE1BAAA7484}.Debug|Any CPU.Build.0 = Debug|Any CPU
		{4D6F8D6E-83D0-6259-F7EC-EFE1BAAA7484}.Release|Any CPU.ActiveCfg = Release|Any CPU
		{4D6F8D6E-83D0-6259-F7EC-EFE1BAAA7484}.Release|Any CPU.Build.0 = Release|Any CPU
		{DA8EA321-2C19-9FA3-98B6-6A590C3AB301}.Debug|Any CPU.ActiveCfg = Debug|Any CPU
		{DA8EA321-2C19-9FA3-98B6-6A590C3AB301}.Debug|Any CPU.Build.0 = Debug|Any CPU
		{DA8EA321-2C19-9FA3-98B6-6A590C3AB301}.Release|Any CPU.ActiveCfg = Release|Any CPU
		{DA8EA321-2C19-9FA3-98B6-6A590C3AB301}.Release|Any CPU.Build.0 = Release|Any CPU
		{A09615BC-F78A-D820-7BBF-7D91C079AE74}.Debug|Any CPU.ActiveCfg = Debug|Any CPU
		{A09615BC-F78A-D820-7BBF-7D91C079AE74}.Debug|Any CPU.Build.0 = Debug|Any CPU
		{A09615BC-F78A-D820-7BBF-7D91C079AE74}.Release|Any CPU.ActiveCfg = Release|Any CPU
		{A09615BC-F78A-D820-7BBF-7D91C079AE74}.Release|Any CPU.Build.0 = Release|Any CPU
		{903D9933-92D4-56BD-EB70-E4D326208553}.Debug|Any CPU.ActiveCfg = Debug|Any CPU
		{903D9933-92D4-56BD-EB70-E4D326208553}.Debug|Any CPU.Build.0 = Debug|Any CPU
		{903D9933-92D4-56BD-EB70-E4D326208553}.Release|Any CPU.ActiveCfg = Release|Any CPU
		{903D9933-92D4-56BD-EB70-E4D326208553}.Release|Any CPU.Build.0 = Release|Any CPU
		{4B4546D2-7CFE-B822-FF19-4730C98A1D12}.Debug|Any CPU.ActiveCfg = Debug|Any CPU
		{4B4546D2-7CFE-B822-FF19-4730C98A1D12}.Debug|Any CPU.Build.0 = Debug|Any CPU
		{4B4546D2-7CFE-B822-FF19-4730C98A1D12}.Release|Any CPU.ActiveCfg = Release|Any CPU
		{4B4546D2-7CFE-B822-FF19-4730C98A1D12}.Release|Any CPU.Build.0 = Release|Any CPU
		{4D7D8A44-6AD2-F3B2-F6AD-C119362CFA95}.Debug|Any CPU.ActiveCfg = Debug|Any CPU
		{4D7D8A44-6AD2-F3B2-F6AD-C119362CFA95}.Debug|Any CPU.Build.0 = Debug|Any CPU
		{4D7D8A44-6AD2-F3B2-F6AD-C119362CFA95}.Release|Any CPU.ActiveCfg = Release|Any CPU
		{4D7D8A44-6AD2-F3B2-F6AD-C119362CFA95}.Release|Any CPU.Build.0 = Release|Any CPU
		{DB189F6E-D2C2-131A-D6EC-11DA08424BA2}.Debug|Any CPU.ActiveCfg = Debug|Any CPU
		{DB189F6E-D2C2-131A-D6EC-11DA08424BA2}.Debug|Any CPU.Build.0 = Debug|Any CPU
		{DB189F6E-D2C2-131A-D6EC-11DA08424BA2}.Release|Any CPU.ActiveCfg = Release|Any CPU
		{DB189F6E-D2C2-131A-D6EC-11DA08424BA2}.Release|Any CPU.Build.0 = Release|Any CPU
		{1E708F20-C5FA-561E-8E46-F39A4EB69C1E}.Debug|Any CPU.ActiveCfg = Debug|Any CPU
		{1E708F20-C5FA-561E-8E46-F39A4EB69C1E}.Debug|Any CPU.Build.0 = Debug|Any CPU
		{1E708F20-C5FA-561E-8E46-F39A4EB69C1E}.Release|Any CPU.ActiveCfg = Release|Any CPU
		{1E708F20-C5FA-561E-8E46-F39A4EB69C1E}.Release|Any CPU.Build.0 = Release|Any CPU
		{5DA42879-275F-F43D-96CF-9DDD9155552C}.Debug|Any CPU.ActiveCfg = Debug|Any CPU
		{5DA42879-275F-F43D-96CF-9DDD9155552C}.Debug|Any CPU.Build.0 = Debug|Any CPU
		{5DA42879-275F-F43D-96CF-9DDD9155552C}.Release|Any CPU.ActiveCfg = Release|Any CPU
		{5DA42879-275F-F43D-96CF-9DDD9155552C}.Release|Any CPU.Build.0 = Release|Any CPU
		{7DDF0099-0805-314C-4703-EF471BC07126}.Debug|Any CPU.ActiveCfg = Debug|Any CPU
		{7DDF0099-0805-314C-4703-EF471BC07126}.Debug|Any CPU.Build.0 = Debug|Any CPU
		{7DDF0099-0805-314C-4703-EF471BC07126}.Release|Any CPU.ActiveCfg = Release|Any CPU
		{7DDF0099-0805-314C-4703-EF471BC07126}.Release|Any CPU.Build.0 = Release|Any CPU
		{4EFBE7FC-0410-37A1-9248-EA8CAF336969}.Debug|Any CPU.ActiveCfg = Debug|Any CPU
		{4EFBE7FC-0410-37A1-9248-EA8CAF336969}.Debug|Any CPU.Build.0 = Debug|Any CPU
		{4EFBE7FC-0410-37A1-9248-EA8CAF336969}.Release|Any CPU.ActiveCfg = Release|Any CPU
		{4EFBE7FC-0410-37A1-9248-EA8CAF336969}.Release|Any CPU.Build.0 = Release|Any CPU
		{0D84775D-5C19-D4FE-2D3A-C7E4C7BB7626}.Debug|Any CPU.ActiveCfg = Debug|Any CPU
		{0D84775D-5C19-D4FE-2D3A-C7E4C7BB7626}.Debug|Any CPU.Build.0 = Debug|Any CPU
		{0D84775D-5C19-D4FE-2D3A-C7E4C7BB7626}.Release|Any CPU.ActiveCfg = Release|Any CPU
		{0D84775D-5C19-D4FE-2D3A-C7E4C7BB7626}.Release|Any CPU.Build.0 = Release|Any CPU
	EndGlobalSection
	GlobalSection(SolutionProperties) = preSolution
		HideSolutionNode = FALSE
	EndGlobalSection
EndGlobal
