
Microsoft Visual Studio Solution File, Format Version 12.00
# Visual Studio 15
Project("{FAE04EC0-301F-11D3-BF4B-00C04F79EFBC}") = "UnityEngine.Advertisements", "UnityEngine.Advertisements.csproj", "{EF7CA7A9-B15B-FE15-E7EA-F91A8019D772}"
EndProject
Project("{FAE04EC0-301F-11D3-BF4B-00C04F79EFBC}") = "Unity.Timeline", "Unity.Timeline.csproj", "{5C647FAA-6FE0-9C26-B9E8-3BB5C102B9CC}"
EndProject
Project("{FAE04EC0-301F-11D3-BF4B-00C04F79EFBC}") = "Unity.Timeline.Editor", "Unity.Timeline.Editor.csproj", "{984F78D3-060D-CFE1-4381-19094B966337}"
EndProject
Project("{FAE04EC0-301F-11D3-BF4B-00C04F79EFBC}") = "UnityEngine.Advertisements.Editor", "UnityEngine.Advertisements.Editor.csproj", "{D0E7ABFA-00B2-7ECE-3322-D23347F4B235}"
EndProject
Project("{FAE04EC0-301F-11D3-BF4B-00C04F79EFBC}") = "Unity.TextMeshPro.Editor", "Unity.TextMeshPro.Editor.csproj", "{E9D4ACBB-DBC4-0FC6-2EA6-0E6F32DAA5AE}"
EndProject
Project("{FAE04EC0-301F-11D3-BF4B-00C04F79EFBC}") = "Unity.2D.Tilemap.Editor", "Unity.2D.Tilemap.Editor.csproj", "{BB3239F7-9B41-B402-5546-AD646C3F3A01}"
EndProject
Project("{FAE04EC0-301F-11D3-BF4B-00C04F79EFBC}") = "Unity.Services.Core.Internal", "Unity.Services.Core.Internal.csproj", "{CAB48A1B-D36C-0C6A-5112-D987E7DA6220}"
EndProject
Project("{FAE04EC0-301F-11D3-BF4B-00C04F79EFBC}") = "Unity.PlasticSCM.Editor", "Unity.PlasticSCM.Editor.csproj", "{219D80DA-A4C0-C04A-47C7-D983D6ABC68D}"
EndProject
Project("{FAE04EC0-301F-11D3-BF4B-00C04F79EFBC}") = "UnityEditor.UI", "UnityEditor.UI.csproj", "{1F33ADA7-0056-DA1D-6A1F-012A5EA4284B}"
EndProject
Project("{FAE04EC0-301F-11D3-BF4B-00C04F79EFBC}") = "UnityEditor.Purchasing", "UnityEditor.Purchasing.csproj", "{ED4EAC12-E034-73EA-EEFF-1B58A6E50A35}"
EndProject
Project("{FAE04EC0-301F-11D3-BF4B-00C04F79EFBC}") = "Unity.2D.Sprite.Editor", "Unity.2D.Sprite.Editor.csproj", "{4CF73B9B-E4A6-713A-FFA8-D5F1C325D1AF}"
EndProject
Project("{FAE04EC0-301F-11D3-BF4B-00C04F79EFBC}") = "UnityEngine.Purchasing.Stores", "UnityEngine.Purchasing.Stores.csproj", "{00C8F7A3-FD84-4287-382D-AA5EA51FF33E}"
EndProject
Project("{FAE04EC0-301F-11D3-BF4B-00C04F79EFBC}") = "UnityEngine.Purchasing", "UnityEngine.Purchasing.csproj", "{4B9EA398-414E-E85A-C5CF-7D13272E1FFF}"
EndProject
Project("{FAE04EC0-301F-11D3-BF4B-00C04F79EFBC}") = "Unity.Services.Analytics", "Unity.Services.Analytics.csproj", "{B2F5A6CF-F4C1-28A6-DC95-0CD1E3103694}"
EndProject
Project("{FAE04EC0-301F-11D3-BF4B-00C04F79EFBC}") = "Purchasing.Common", "Purchasing.Common.csproj", "{2C8A9480-087C-02E8-FB05-EF395C76DCF6}"
EndProject
Project("{FAE04EC0-301F-11D3-BF4B-00C04F79EFBC}") = "UnityEngine.Advertisements.DevX.Editor", "UnityEngine.Advertisements.DevX.Editor.csproj", "{4998FB06-797D-5820-649E-BE8876068A48}"
EndProject
Project("{FAE04EC0-301F-11D3-BF4B-00C04F79EFBC}") = "UnityEditor.TestRunner", "UnityEditor.TestRunner.csproj", "{225F46D9-742B-0CAC-A138-0306F70A21AF}"
EndProject
Project("{FAE04EC0-301F-11D3-BF4B-00C04F79EFBC}") = "UnityEngine.TestRunner", "UnityEngine.TestRunner.csproj", "{4644FC91-6D4D-C96F-ED5A-B5D8E5DC51B7}"
EndProject
Project("{FAE04EC0-301F-11D3-BF4B-00C04F79EFBC}") = "Unity.Services.Core.Registration", "Unity.Services.Core.Registration.csproj", "{5C65391C-B753-13A8-E205-8FD113F2AA66}"
EndProject
Project("{FAE04EC0-301F-11D3-BF4B-00C04F79EFBC}") = "UnityEngine.UI", "UnityEngine.UI.csproj", "{9069500C-2D0D-14F2-A387-3B20E651BF47}"
EndProject
Project("{FAE04EC0-301F-11D3-BF4B-00C04F79EFBC}") = "Unity.Rider.Editor", "Unity.Rider.Editor.csproj", "{3463C69C-FCF3-B1B3-215A-A89A6A5BB254}"
EndProject
Project("{FAE04EC0-301F-11D3-BF4B-00C04F79EFBC}") = "Unity.Services.Core.Environments.Editor", "Unity.Services.Core.Environments.Editor.csproj", "{89FB06B1-AED5-E13D-7FEB-304EAA8C65A6}"
EndProject
Project("{FAE04EC0-301F-11D3-BF4B-00C04F79EFBC}") = "Unity.Services.Core", "Unity.Services.Core.csproj", "{F50F0EF6-302B-FB26-1951-A36DEFC343BC}"
EndProject
Project("{FAE04EC0-301F-11D3-BF4B-00C04F79EFBC}") = "Unity.Services.Core.Editor", "Unity.Services.Core.Editor.csproj", "{ACCE029D-A26A-CDCC-E26E-EB00590C7F33}"
EndProject
Project("{FAE04EC0-301F-11D3-BF4B-00C04F79EFBC}") = "Unity.TextMeshPro", "Unity.TextMeshPro.csproj", "{9D2110AE-5EAC-CC4E-1A15-0ADDFB7EDB66}"
EndProject
Project("{FAE04EC0-301F-11D3-BF4B-00C04F79EFBC}") = "Unity.AI.Navigation.Editor", "Unity.AI.Navigation.Editor.csproj", "{EEC5144D-36BD-F08F-A892-997D6AAEA8CE}"
EndProject
Project("{FAE04EC0-301F-11D3-BF4B-00C04F79EFBC}") = "Unity.VisualStudio.Editor", "Unity.VisualStudio.Editor.csproj", "{27064063-3242-0C48-8B22-15EAA4F6B3B3}"
EndProject
Project("{FAE04EC0-301F-11D3-BF4B-00C04F79EFBC}") = "UnityEngine.Purchasing.WinRTCore", "UnityEngine.Purchasing.WinRTCore.csproj", "{56502BB5-F02F-2298-BC20-24ABF98AE919}"
EndProject
Project("{FAE04EC0-301F-11D3-BF4B-00C04F79EFBC}") = "Assembly-CSharp", "Assembly-CSharp.csproj", "{5C1DC67E-76CD-EB93-0A99-77B4C25F67BB}"
EndProject
Project("{FAE04EC0-301F-11D3-BF4B-00C04F79EFBC}") = "Unity.Services.Core.Environments.Internal", "Unity.Services.Core.Environments.Internal.csproj", "{F4BE67DA-3BD1-FC1C-EDB2-427EAF28005C}"
EndProject
Project("{FAE04EC0-301F-11D3-BF4B-00C04F79EFBC}") = "Unity.AI.Navigation", "Unity.AI.Navigation.csproj", "{F9B80065-09CA-B17B-CE85-5E18EC8748C1}"
EndProject
Project("{FAE04EC0-301F-11D3-BF4B-00C04F79EFBC}") = "UnityEngine.Purchasing.Codeless", "UnityEngine.Purchasing.Codeless.csproj", "{AE0BEA4A-A059-139F-8574-DFD0E81C4329}"
EndProject
Project("{FAE04EC0-301F-11D3-BF4B-00C04F79EFBC}") = "UnityEngine.XR.LegacyInputHelpers", "UnityEngine.XR.LegacyInputHelpers.csproj", "{24127EA3-1DD8-3339-034E-197EF0E0CE8E}"
EndProject
Project("{FAE04EC0-301F-11D3-BF4B-00C04F79EFBC}") = "Unity.Services.Core.Configuration", "Unity.Services.Core.Configuration.csproj", "{E349A0F2-48EF-135C-8843-481209E5B1D9}"
EndProject
Project("{FAE04EC0-301F-11D3-BF4B-00C04F79EFBC}") = "Unity.AI.Navigation.Editor.ConversionSystem", "Unity.AI.Navigation.Editor.ConversionSystem.csproj", "{1DB2735E-430A-A931-0C70-8033E26ABA07}"
EndProject
Project("{FAE04EC0-301F-11D3-BF4B-00C04F79EFBC}") = "UnityEditor.XR.LegacyInputHelpers", "UnityEditor.XR.LegacyInputHelpers.csproj", "{9E9DFBD5-68B0-E6A2-8809-22BFFBFAFDD0}"
EndProject
Project("{FAE04EC0-301F-11D3-BF4B-00C04F79EFBC}") = "Unity.Services.Core.Telemetry", "Unity.Services.Core.Telemetry.csproj", "{1F60BB80-24B9-8776-BEC6-A6E5057513A2}"
EndProject
Project("{FAE04EC0-301F-11D3-BF4B-00C04F79EFBC}") = "Unity.Services.Core.Configuration.Editor", "Unity.Services.Core.Configuration.Editor.csproj", "{866E2429-D6AD-0538-2B16-788CA6CE3B6F}"
EndProject
Project("{FAE04EC0-301F-11D3-BF4B-00C04F79EFBC}") = "UnityEngine.Purchasing.SecurityStub", "UnityEngine.Purchasing.SecurityStub.csproj", "{F69A1824-2A48-A081-1287-4C5FE3319E74}"
EndProject
Project("{FAE04EC0-301F-11D3-BF4B-00C04F79EFBC}") = "Unity.Services.Core.Networking", "Unity.Services.Core.Networking.csproj", "{E92F8704-4442-EE7A-AF98-F59875826E74}"
EndProject
Project("{FAE04EC0-301F-11D3-BF4B-00C04F79EFBC}") = "Unity.Services.Core.Device", "Unity.Services.Core.Device.csproj", "{09DB7CBB-CF10-F475-ADD1-A3D0FDA971E2}"
EndProject
Project("{FAE04EC0-301F-11D3-BF4B-00C04F79EFBC}") = "UnityEngine.Purchasing.AppleMacosStub", "UnityEngine.Purchasing.AppleMacosStub.csproj", "{65984421-A489-E223-FFB2-CA92D1326FB5}"
EndProject
Project("{FAE04EC0-301F-11D3-BF4B-00C04F79EFBC}") = "Unity.Services.Core.Scheduler", "Unity.Services.Core.Scheduler.csproj", "{EDC0B884-495A-A977-C83C-6D336D4B27AF}"
EndProject
Project("{FAE04EC0-301F-11D3-BF4B-00C04F79EFBC}") = "Unity.VSCode.Editor", "Unity.VSCode.Editor.csproj", "{49B9FB4E-6D8C-F15A-67FD-5BEBCE188A5F}"
EndProject
Project("{FAE04EC0-301F-11D3-BF4B-00C04F79EFBC}") = "Unity.Services.Analytics.Editor", "Unity.Services.Analytics.Editor.csproj", "{C8DF2A7A-87E7-F810-AD2B-E2E4089A3B58}"
EndProject
Project("{FAE04EC0-301F-11D3-BF4B-00C04F79EFBC}") = "Unity.AI.Navigation.Updater", "Unity.AI.Navigation.Updater.csproj", "{B040BF3D-9562-1B18-762E-18518E42D36C}"
EndProject
Project("{FAE04EC0-301F-11D3-BF4B-00C04F79EFBC}") = "UnityEngine.Purchasing.SecurityCore", "UnityEngine.Purchasing.SecurityCore.csproj", "{76F24933-D485-7AA2-8CE1-EC1A1A5C9A1B}"
EndProject
Project("{FAE04EC0-301F-11D3-BF4B-00C04F79EFBC}") = "UnityEditor.SpatialTracking", "UnityEditor.SpatialTracking.csproj", "{F6287AE1-B7F1-AB78-B5AC-558D128C5229}"
EndProject
Project("{FAE04EC0-301F-11D3-BF4B-00C04F79EFBC}") = "UnityEngine.Purchasing.AppleCore", "UnityEngine.Purchasing.AppleCore.csproj", "{902CD105-081F-6418-CDF4-802784F6AA5D}"
EndProject
Project("{FAE04EC0-301F-11D3-BF4B-00C04F79EFBC}") = "Unity.Analytics.DataPrivacy", "Unity.Analytics.DataPrivacy.csproj", "{9F1ECAB6-8254-87ED-3E11-15C9DDA23EC6}"
EndProject
Project("{FAE04EC0-301F-11D3-BF4B-00C04F79EFBC}") = "UnityEngine.Purchasing.WinRTStub", "UnityEngine.Purchasing.WinRTStub.csproj", "{68262AF7-DED0-3AF0-C0CF-E1F45E595918}"
EndProject
Project("{FAE04EC0-301F-11D3-BF4B-00C04F79EFBC}") = "Unity.Services.Core.Analytics", "Unity.Services.Core.Analytics.csproj", "{47E39EBE-7FA8-27D8-BE8E-7100574B46B8}"
EndProject
Project("{FAE04EC0-301F-11D3-BF4B-00C04F79EFBC}") = "UnityEngine.SpatialTracking", "UnityEngine.SpatialTracking.csproj", "{D0624140-A441-6EED-A107-FE1E4D64922A}"
EndProject
Project("{FAE04EC0-301F-11D3-BF4B-00C04F79EFBC}") = "Unity.Services.Core.Threading", "Unity.Services.Core.Threading.csproj", "{CB2D7CED-3614-5602-54E6-42A4F270848F}"
EndProject
Project("{FAE04EC0-301F-11D3-BF4B-00C04F79EFBC}") = "Unity.CollabProxy.Editor", "Unity.CollabProxy.Editor.csproj", "{5397AAEE-DCE8-FFF1-253A-22B9D8E6C650}"
EndProject
Project("{FAE04EC0-301F-11D3-BF4B-00C04F79EFBC}") = "Unity.Services.Core.Environments", "Unity.Services.Core.Environments.csproj", "{61D14613-3806-7D4B-9279-A989A3385FAF}"
EndProject
Project("{FAE04EC0-301F-11D3-BF4B-00C04F79EFBC}") = "UnityEngine.Purchasing.AppleStub", "UnityEngine.Purchasing.AppleStub.csproj", "{489DF173-33C5-FBBC-6D8E-93CE43776321}"
EndProject
Project("{FAE04EC0-301F-11D3-BF4B-00C04F79EFBC}") = "Analytics", "Analytics.csproj", "{57A5045B-7234-2D04-501D-C446A2236D7E}"
EndProject
Project("{FAE04EC0-301F-11D3-BF4B-00C04F79EFBC}") = "UnityEngine.Advertisements", "UnityEngine.Advertisements.Player.csproj", "{4E8EB82C-E091-CFF5-AD62-41CDB85B1ECE}"
EndProject
Project("{FAE04EC0-301F-11D3-BF4B-00C04F79EFBC}") = "Unity.Timeline", "Unity.Timeline.Player.csproj", "{8F7423F5-8F2A-97BA-F4EA-B08ABB109A99}"
EndProject
Project("{FAE04EC0-301F-11D3-BF4B-00C04F79EFBC}") = "Unity.Services.Core.Internal", "Unity.Services.Core.Internal.Player.csproj", "{5CBE42DB-13D2-826E-5B52-EFE536A125A5}"
EndProject
Project("{FAE04EC0-301F-11D3-BF4B-00C04F79EFBC}") = "UnityEngine.Purchasing.Stores", "UnityEngine.Purchasing.Stores.Player.csproj", "{E49108B7-E63E-5947-E911-CDBAB23EA51C}"
EndProject
Project("{FAE04EC0-301F-11D3-BF4B-00C04F79EFBC}") = "UnityEngine.Purchasing", "UnityEngine.Purchasing.Player.csproj", "{ABE29724-8ECD-69A5-1AE1-8D164C1E8B20}"
EndProject
Project("{FAE04EC0-301F-11D3-BF4B-00C04F79EFBC}") = "Unity.Services.Analytics", "Unity.Services.Analytics.Player.csproj", "{3B1D2722-9ED0-E0A4-CD02-7E43A38C71BF}"
EndProject
Project("{FAE04EC0-301F-11D3-BF4B-00C04F79EFBC}") = "Purchasing.Common", "Purchasing.Common.Player.csproj", "{B566DF84-9100-CCA3-BA73-C1A1D0583F08}"
EndProject
Project("{FAE04EC0-301F-11D3-BF4B-00C04F79EFBC}") = "UnityEngine.TestRunner", "UnityEngine.TestRunner.Player.csproj", "{3F1685C0-F682-7AEF-2B15-28E57F7E8950}"
EndProject
Project("{FAE04EC0-301F-11D3-BF4B-00C04F79EFBC}") = "Unity.Services.Core.Registration", "Unity.Services.Core.Registration.Player.csproj", "{A771B6B5-7A65-C6F9-21F2-77A96F497E7D}"
EndProject
Project("{FAE04EC0-301F-11D3-BF4B-00C04F79EFBC}") = "UnityEngine.UI", "UnityEngine.UI.Player.csproj", "{21BBA3B5-51B8-0AF0-950E-D00A46B12C24}"
EndProject
Project("{FAE04EC0-301F-11D3-BF4B-00C04F79EFBC}") = "Unity.Services.Core", "Unity.Services.Core.Player.csproj", "{9D57E04D-A124-99B5-1EEF-20ACD0D33F13}"
EndProject
Project("{FAE04EC0-301F-11D3-BF4B-00C04F79EFBC}") = "Unity.TextMeshPro", "Unity.TextMeshPro.Player.csproj", "{98C079E6-498F-52D9-C557-24DCD40B39E2}"
EndProject
Project("{FAE04EC0-301F-11D3-BF4B-00C04F79EFBC}") = "UnityEngine.Purchasing.WinRTCore", "UnityEngine.Purchasing.WinRTCore.Player.csproj", "{237C8A5C-EC7D-B0B2-38BC-D2346B815BB9}"
EndProject
Project("{FAE04EC0-301F-11D3-BF4B-00C04F79EFBC}") = "Assembly-CSharp", "Assembly-CSharp.Player.csproj", "{89FC8863-3726-61D5-2430-3C24F6E641ED}"
EndProject
Project("{FAE04EC0-301F-11D3-BF4B-00C04F79EFBC}") = "Unity.Services.Core.Environments.Internal", "Unity.Services.Core.Environments.Internal.Player.csproj", "{3B0685D7-0C62-772A-6E61-45ACDE433C71}"
EndProject
Project("{FAE04EC0-301F-11D3-BF4B-00C04F79EFBC}") = "Unity.AI.Navigation", "Unity.AI.Navigation.Player.csproj", "{56FF60E5-AD58-3701-B5DA-9217B4D5EA67}"
EndProject
Project("{FAE04EC0-301F-11D3-BF4B-00C04F79EFBC}") = "UnityEngine.Purchasing.Codeless", "UnityEngine.Purchasing.Codeless.Player.csproj", "{60D769D8-7D36-2471-6635-17E45DE820CA}"
EndProject
Project("{FAE04EC0-301F-11D3-BF4B-00C04F79EFBC}") = "UnityEngine.XR.LegacyInputHelpers", "UnityEngine.XR.LegacyInputHelpers.Player.csproj", "{86E32206-90A3-AE18-4496-6E9B747B3232}"
EndProject
Project("{FAE04EC0-301F-11D3-BF4B-00C04F79EFBC}") = "Unity.Services.Core.Configuration", "Unity.Services.Core.Configuration.Player.csproj", "{1BFF5BCB-B54A-0EDD-21B4-1E590288CE1C}"
EndProject
Project("{FAE04EC0-301F-11D3-BF4B-00C04F79EFBC}") = "Unity.Services.Core.Telemetry", "Unity.Services.Core.Telemetry.Player.csproj", "{B9969499-BE65-2CB9-2001-11F4A91EDAE5}"
EndProject
Project("{FAE04EC0-301F-11D3-BF4B-00C04F79EFBC}") = "UnityEngine.Purchasing.SecurityStub", "UnityEngine.Purchasing.SecurityStub.Player.csproj", "{B63EBAFF-5A6C-7A06-A1DB-EE17D86E3E6C}"
EndProject
Project("{FAE04EC0-301F-11D3-BF4B-00C04F79EFBC}") = "Unity.Services.Core.Networking", "Unity.Services.Core.Networking.Player.csproj", "{775724F3-0034-2151-A842-F1C2C4A0AD83}"
EndProject
Project("{FAE04EC0-301F-11D3-BF4B-00C04F79EFBC}") = "Unity.Services.Core.Device", "Unity.Services.Core.Device.Player.csproj", "{B9477C58-8057-95F3-B6A8-CD22ACBE09AD}"
EndProject
Project("{FAE04EC0-301F-11D3-BF4B-00C04F79EFBC}") = "UnityEngine.Purchasing.AppleMacosStub", "UnityEngine.Purchasing.AppleMacosStub.Player.csproj", "{03E2357E-FC95-E5EB-80DD-ACAD8124F7C1}"
EndProject
Project("{FAE04EC0-301F-11D3-BF4B-00C04F79EFBC}") = "Unity.Services.Core.Scheduler", "Unity.Services.Core.Scheduler.Player.csproj", "{D8DF584D-8E5D-A01B-1035-99EF83206C2C}"
EndProject
Project("{FAE04EC0-301F-11D3-BF4B-00C04F79EFBC}") = "UnityEngine.Purchasing.SecurityCore", "UnityEngine.Purchasing.SecurityCore.Player.csproj", "{CED1AB3C-174C-0970-EAA2-271B8D0305E9}"
EndProject
Project("{FAE04EC0-301F-11D3-BF4B-00C04F79EFBC}") = "UnityEngine.Purchasing.AppleCore", "UnityEngine.Purchasing.AppleCore.Player.csproj", "{4EE5EA6B-7020-1D6E-D0BF-D2D08476639E}"
EndProject
Project("{FAE04EC0-301F-11D3-BF4B-00C04F79EFBC}") = "Unity.Analytics.DataPrivacy", "Unity.Analytics.DataPrivacy.Player.csproj", "{CCEC213A-317D-19CC-DDC2-BADB58810D96}"
EndProject
Project("{FAE04EC0-301F-11D3-BF4B-00C04F79EFBC}") = "UnityEngine.Purchasing.WinRTStub", "UnityEngine.Purchasing.WinRTStub.Player.csproj", "{B1D33AE8-8BB9-E3DF-4F57-85A19A446C2A}"
EndProject
Project("{FAE04EC0-301F-11D3-BF4B-00C04F79EFBC}") = "Unity.Services.Core.Analytics", "Unity.Services.Core.Analytics.Player.csproj", "{B97D70E3-FC75-20F7-47D3-17DE725727DA}"
EndProject
Project("{FAE04EC0-301F-11D3-BF4B-00C04F79EFBC}") = "UnityEngine.SpatialTracking", "UnityEngine.SpatialTracking.Player.csproj", "{E4FA491A-7FF5-8D5E-AA50-772781158E13}"
EndProject
Project("{FAE04EC0-301F-11D3-BF4B-00C04F79EFBC}") = "Unity.Services.Core.Threading", "Unity.Services.Core.Threading.Player.csproj", "{1596AEB9-D59D-B09D-4C6F-A76AE3FE43FD}"
EndProject
Project("{FAE04EC0-301F-11D3-BF4B-00C04F79EFBC}") = "Unity.Services.Core.Environments", "Unity.Services.Core.Environments.Player.csproj", "{1D9421AB-9DBE-E2D7-A517-E6D3AAB91599}"
EndProject
Project("{FAE04EC0-301F-11D3-BF4B-00C04F79EFBC}") = "UnityEngine.Purchasing.AppleStub", "UnityEngine.Purchasing.AppleStub.Player.csproj", "{0E802292-4346-0709-7FE1-B1669ED946EA}"
EndProject
Global
	GlobalSection(SolutionConfigurationPlatforms) = preSolution
		Debug|Any CPU = Debug|Any CPU
		Release|Any CPU = Release|Any CPU
	EndGlobalSection
	GlobalSection(ProjectConfigurationPlatforms) = postSolution
		{EF7CA7A9-B15B-FE15-E7EA-F91A8019D772}.Debug|Any CPU.ActiveCfg = Debug|Any CPU
		{EF7CA7A9-B15B-FE15-E7EA-F91A8019D772}.Debug|Any CPU.Build.0 = Debug|Any CPU
		{EF7CA7A9-B15B-FE15-E7EA-F91A8019D772}.Release|Any CPU.ActiveCfg = Release|Any CPU
		{EF7CA7A9-B15B-FE15-E7EA-F91A8019D772}.Release|Any CPU.Build.0 = Release|Any CPU
		{5C647FAA-6FE0-9C26-B9E8-3BB5C102B9CC}.Debug|Any CPU.ActiveCfg = Debug|Any CPU
		{5C647FAA-6FE0-9C26-B9E8-3BB5C102B9CC}.Debug|Any CPU.Build.0 = Debug|Any CPU
		{5C647FAA-6FE0-9C26-B9E8-3BB5C102B9CC}.Release|Any CPU.ActiveCfg = Release|Any CPU
		{5C647FAA-6FE0-9C26-B9E8-3BB5C102B9CC}.Release|Any CPU.Build.0 = Release|Any CPU
		{984F78D3-060D-CFE1-4381-19094B966337}.Debug|Any CPU.ActiveCfg = Debug|Any CPU
		{984F78D3-060D-CFE1-4381-19094B966337}.Debug|Any CPU.Build.0 = Debug|Any CPU
		{984F78D3-060D-CFE1-4381-19094B966337}.Release|Any CPU.ActiveCfg = Release|Any CPU
		{984F78D3-060D-CFE1-4381-19094B966337}.Release|Any CPU.Build.0 = Release|Any CPU
		{D0E7ABFA-00B2-7ECE-3322-D23347F4B235}.Debug|Any CPU.ActiveCfg = Debug|Any CPU
		{D0E7ABFA-00B2-7ECE-3322-D23347F4B235}.Debug|Any CPU.Build.0 = Debug|Any CPU
		{D0E7ABFA-00B2-7ECE-3322-D23347F4B235}.Release|Any CPU.ActiveCfg = Release|Any CPU
		{D0E7ABFA-00B2-7ECE-3322-D23347F4B235}.Release|Any CPU.Build.0 = Release|Any CPU
		{E9D4ACBB-DBC4-0FC6-2EA6-0E6F32DAA5AE}.Debug|Any CPU.ActiveCfg = Debug|Any CPU
		{E9D4ACBB-DBC4-0FC6-2EA6-0E6F32DAA5AE}.Debug|Any CPU.Build.0 = Debug|Any CPU
		{E9D4ACBB-DBC4-0FC6-2EA6-0E6F32DAA5AE}.Release|Any CPU.ActiveCfg = Release|Any CPU
		{E9D4ACBB-DBC4-0FC6-2EA6-0E6F32DAA5AE}.Release|Any CPU.Build.0 = Release|Any CPU
		{BB3239F7-9B41-B402-5546-AD646C3F3A01}.Debug|Any CPU.ActiveCfg = Debug|Any CPU
		{BB3239F7-9B41-B402-5546-AD646C3F3A01}.Debug|Any CPU.Build.0 = Debug|Any CPU
		{BB3239F7-9B41-B402-5546-AD646C3F3A01}.Release|Any CPU.ActiveCfg = Release|Any CPU
		{BB3239F7-9B41-B402-5546-AD646C3F3A01}.Release|Any CPU.Build.0 = Release|Any CPU
		{CAB48A1B-D36C-0C6A-5112-D987E7DA6220}.Debug|Any CPU.ActiveCfg = Debug|Any CPU
		{CAB48A1B-D36C-0C6A-5112-D987E7DA6220}.Debug|Any CPU.Build.0 = Debug|Any CPU
		{CAB48A1B-D36C-0C6A-5112-D987E7DA6220}.Release|Any CPU.ActiveCfg = Release|Any CPU
		{CAB48A1B-D36C-0C6A-5112-D987E7DA6220}.Release|Any CPU.Build.0 = Release|Any CPU
		{219D80DA-A4C0-C04A-47C7-D983D6ABC68D}.Debug|Any CPU.ActiveCfg = Debug|Any CPU
		{219D80DA-A4C0-C04A-47C7-D983D6ABC68D}.Debug|Any CPU.Build.0 = Debug|Any CPU
		{219D80DA-A4C0-C04A-47C7-D983D6ABC68D}.Release|Any CPU.ActiveCfg = Release|Any CPU
		{219D80DA-A4C0-C04A-47C7-D983D6ABC68D}.Release|Any CPU.Build.0 = Release|Any CPU
		{1F33ADA7-0056-DA1D-6A1F-012A5EA4284B}.Debug|Any CPU.ActiveCfg = Debug|Any CPU
		{1F33ADA7-0056-DA1D-6A1F-012A5EA4284B}.Debug|Any CPU.Build.0 = Debug|Any CPU
		{1F33ADA7-0056-DA1D-6A1F-012A5EA4284B}.Release|Any CPU.ActiveCfg = Release|Any CPU
		{1F33ADA7-0056-DA1D-6A1F-012A5EA4284B}.Release|Any CPU.Build.0 = Release|Any CPU
		{ED4EAC12-E034-73EA-EEFF-1B58A6E50A35}.Debug|Any CPU.ActiveCfg = Debug|Any CPU
		{ED4EAC12-E034-73EA-EEFF-1B58A6E50A35}.Debug|Any CPU.Build.0 = Debug|Any CPU
		{ED4EAC12-E034-73EA-EEFF-1B58A6E50A35}.Release|Any CPU.ActiveCfg = Release|Any CPU
		{ED4EAC12-E034-73EA-EEFF-1B58A6E50A35}.Release|Any CPU.Build.0 = Release|Any CPU
		{4CF73B9B-E4A6-713A-FFA8-D5F1C325D1AF}.Debug|Any CPU.ActiveCfg = Debug|Any CPU
		{4CF73B9B-E4A6-713A-FFA8-D5F1C325D1AF}.Debug|Any CPU.Build.0 = Debug|Any CPU
		{4CF73B9B-E4A6-713A-FFA8-D5F1C325D1AF}.Release|Any CPU.ActiveCfg = Release|Any CPU
		{4CF73B9B-E4A6-713A-FFA8-D5F1C325D1AF}.Release|Any CPU.Build.0 = Release|Any CPU
		{00C8F7A3-FD84-4287-382D-AA5EA51FF33E}.Debug|Any CPU.ActiveCfg = Debug|Any CPU
		{00C8F7A3-FD84-4287-382D-AA5EA51FF33E}.Debug|Any CPU.Build.0 = Debug|Any CPU
		{00C8F7A3-FD84-4287-382D-AA5EA51FF33E}.Release|Any CPU.ActiveCfg = Release|Any CPU
		{00C8F7A3-FD84-4287-382D-AA5EA51FF33E}.Release|Any CPU.Build.0 = Release|Any CPU
		{4B9EA398-414E-E85A-C5CF-7D13272E1FFF}.Debug|Any CPU.ActiveCfg = Debug|Any CPU
		{4B9EA398-414E-E85A-C5CF-7D13272E1FFF}.Debug|Any CPU.Build.0 = Debug|Any CPU
		{4B9EA398-414E-E85A-C5CF-7D13272E1FFF}.Release|Any CPU.ActiveCfg = Release|Any CPU
		{4B9EA398-414E-E85A-C5CF-7D13272E1FFF}.Release|Any CPU.Build.0 = Release|Any CPU
		{B2F5A6CF-F4C1-28A6-DC95-0CD1E3103694}.Debug|Any CPU.ActiveCfg = Debug|Any CPU
		{B2F5A6CF-F4C1-28A6-DC95-0CD1E3103694}.Debug|Any CPU.Build.0 = Debug|Any CPU
		{B2F5A6CF-F4C1-28A6-DC95-0CD1E3103694}.Release|Any CPU.ActiveCfg = Release|Any CPU
		{B2F5A6CF-F4C1-28A6-DC95-0CD1E3103694}.Release|Any CPU.Build.0 = Release|Any CPU
		{2C8A9480-087C-02E8-FB05-EF395C76DCF6}.Debug|Any CPU.ActiveCfg = Debug|Any CPU
		{2C8A9480-087C-02E8-FB05-EF395C76DCF6}.Debug|Any CPU.Build.0 = Debug|Any CPU
		{2C8A9480-087C-02E8-FB05-EF395C76DCF6}.Release|Any CPU.ActiveCfg = Release|Any CPU
		{2C8A9480-087C-02E8-FB05-EF395C76DCF6}.Release|Any CPU.Build.0 = Release|Any CPU
		{4998FB06-797D-5820-649E-BE8876068A48}.Debug|Any CPU.ActiveCfg = Debug|Any CPU
		{4998FB06-797D-5820-649E-BE8876068A48}.Debug|Any CPU.Build.0 = Debug|Any CPU
		{4998FB06-797D-5820-649E-BE8876068A48}.Release|Any CPU.ActiveCfg = Release|Any CPU
		{4998FB06-797D-5820-649E-BE8876068A48}.Release|Any CPU.Build.0 = Release|Any CPU
		{225F46D9-742B-0CAC-A138-0306F70A21AF}.Debug|Any CPU.ActiveCfg = Debug|Any CPU
		{225F46D9-742B-0CAC-A138-0306F70A21AF}.Debug|Any CPU.Build.0 = Debug|Any CPU
		{225F46D9-742B-0CAC-A138-0306F70A21AF}.Release|Any CPU.ActiveCfg = Release|Any CPU
		{225F46D9-742B-0CAC-A138-0306F70A21AF}.Release|Any CPU.Build.0 = Release|Any CPU
		{4644FC91-6D4D-C96F-ED5A-B5D8E5DC51B7}.Debug|Any CPU.ActiveCfg = Debug|Any CPU
		{4644FC91-6D4D-C96F-ED5A-B5D8E5DC51B7}.Debug|Any CPU.Build.0 = Debug|Any CPU
		{4644FC91-6D4D-C96F-ED5A-B5D8E5DC51B7}.Release|Any CPU.ActiveCfg = Release|Any CPU
		{4644FC91-6D4D-C96F-ED5A-B5D8E5DC51B7}.Release|Any CPU.Build.0 = Release|Any CPU
		{5C65391C-B753-13A8-E205-8FD113F2AA66}.Debug|Any CPU.ActiveCfg = Debug|Any CPU
		{5C65391C-B753-13A8-E205-8FD113F2AA66}.Debug|Any CPU.Build.0 = Debug|Any CPU
		{5C65391C-B753-13A8-E205-8FD113F2AA66}.Release|Any CPU.ActiveCfg = Release|Any CPU
		{5C65391C-B753-13A8-E205-8FD113F2AA66}.Release|Any CPU.Build.0 = Release|Any CPU
		{9069500C-2D0D-14F2-A387-3B20E651BF47}.Debug|Any CPU.ActiveCfg = Debug|Any CPU
		{9069500C-2D0D-14F2-A387-3B20E651BF47}.Debug|Any CPU.Build.0 = Debug|Any CPU
		{9069500C-2D0D-14F2-A387-3B20E651BF47}.Release|Any CPU.ActiveCfg = Release|Any CPU
		{9069500C-2D0D-14F2-A387-3B20E651BF47}.Release|Any CPU.Build.0 = Release|Any CPU
		{3463C69C-FCF3-B1B3-215A-A89A6A5BB254}.Debug|Any CPU.ActiveCfg = Debug|Any CPU
		{3463C69C-FCF3-B1B3-215A-A89A6A5BB254}.Debug|Any CPU.Build.0 = Debug|Any CPU
		{3463C69C-FCF3-B1B3-215A-A89A6A5BB254}.Release|Any CPU.ActiveCfg = Release|Any CPU
		{3463C69C-FCF3-B1B3-215A-A89A6A5BB254}.Release|Any CPU.Build.0 = Release|Any CPU
		{89FB06B1-AED5-E13D-7FEB-304EAA8C65A6}.Debug|Any CPU.ActiveCfg = Debug|Any CPU
		{89FB06B1-AED5-E13D-7FEB-304EAA8C65A6}.Debug|Any CPU.Build.0 = Debug|Any CPU
		{89FB06B1-AED5-E13D-7FEB-304EAA8C65A6}.Release|Any CPU.ActiveCfg = Release|Any CPU
		{89FB06B1-AED5-E13D-7FEB-304EAA8C65A6}.Release|Any CPU.Build.0 = Release|Any CPU
		{F50F0EF6-302B-FB26-1951-A36DEFC343BC}.Debug|Any CPU.ActiveCfg = Debug|Any CPU
		{F50F0EF6-302B-FB26-1951-A36DEFC343BC}.Debug|Any CPU.Build.0 = Debug|Any CPU
		{F50F0EF6-302B-FB26-1951-A36DEFC343BC}.Release|Any CPU.ActiveCfg = Release|Any CPU
		{F50F0EF6-302B-FB26-1951-A36DEFC343BC}.Release|Any CPU.Build.0 = Release|Any CPU
		{ACCE029D-A26A-CDCC-E26E-EB00590C7F33}.Debug|Any CPU.ActiveCfg = Debug|Any CPU
		{ACCE029D-A26A-CDCC-E26E-EB00590C7F33}.Debug|Any CPU.Build.0 = Debug|Any CPU
		{ACCE029D-A26A-CDCC-E26E-EB00590C7F33}.Release|Any CPU.ActiveCfg = Release|Any CPU
		{ACCE029D-A26A-CDCC-E26E-EB00590C7F33}.Release|Any CPU.Build.0 = Release|Any CPU
		{9D2110AE-5EAC-CC4E-1A15-0ADDFB7EDB66}.Debug|Any CPU.ActiveCfg = Debug|Any CPU
		{9D2110AE-5EAC-CC4E-1A15-0ADDFB7EDB66}.Debug|Any CPU.Build.0 = Debug|Any CPU
		{9D2110AE-5EAC-CC4E-1A15-0ADDFB7EDB66}.Release|Any CPU.ActiveCfg = Release|Any CPU
		{9D2110AE-5EAC-CC4E-1A15-0ADDFB7EDB66}.Release|Any CPU.Build.0 = Release|Any CPU
		{EEC5144D-36BD-F08F-A892-997D6AAEA8CE}.Debug|Any CPU.ActiveCfg = Debug|Any CPU
		{EEC5144D-36BD-F08F-A892-997D6AAEA8CE}.Debug|Any CPU.Build.0 = Debug|Any CPU
		{EEC5144D-36BD-F08F-A892-997D6AAEA8CE}.Release|Any CPU.ActiveCfg = Release|Any CPU
		{EEC5144D-36BD-F08F-A892-997D6AAEA8CE}.Release|Any CPU.Build.0 = Release|Any CPU
		{27064063-3242-0C48-8B22-15EAA4F6B3B3}.Debug|Any CPU.ActiveCfg = Debug|Any CPU
		{27064063-3242-0C48-8B22-15EAA4F6B3B3}.Debug|Any CPU.Build.0 = Debug|Any CPU
		{27064063-3242-0C48-8B22-15EAA4F6B3B3}.Release|Any CPU.ActiveCfg = Release|Any CPU
		{27064063-3242-0C48-8B22-15EAA4F6B3B3}.Release|Any CPU.Build.0 = Release|Any CPU
		{56502BB5-F02F-2298-BC20-24ABF98AE919}.Debug|Any CPU.ActiveCfg = Debug|Any CPU
		{56502BB5-F02F-2298-BC20-24ABF98AE919}.Debug|Any CPU.Build.0 = Debug|Any CPU
		{56502BB5-F02F-2298-BC20-24ABF98AE919}.Release|Any CPU.ActiveCfg = Release|Any CPU
		{56502BB5-F02F-2298-BC20-24ABF98AE919}.Release|Any CPU.Build.0 = Release|Any CPU
		{5C1DC67E-76CD-EB93-0A99-77B4C25F67BB}.Debug|Any CPU.ActiveCfg = Debug|Any CPU
		{5C1DC67E-76CD-EB93-0A99-77B4C25F67BB}.Debug|Any CPU.Build.0 = Debug|Any CPU
		{5C1DC67E-76CD-EB93-0A99-77B4C25F67BB}.Release|Any CPU.ActiveCfg = Release|Any CPU
		{5C1DC67E-76CD-EB93-0A99-77B4C25F67BB}.Release|Any CPU.Build.0 = Release|Any CPU
		{F4BE67DA-3BD1-FC1C-EDB2-427EAF28005C}.Debug|Any CPU.ActiveCfg = Debug|Any CPU
		{F4BE67DA-3BD1-FC1C-EDB2-427EAF28005C}.Debug|Any CPU.Build.0 = Debug|Any CPU
		{F4BE67DA-3BD1-FC1C-EDB2-427EAF28005C}.Release|Any CPU.ActiveCfg = Release|Any CPU
		{F4BE67DA-3BD1-FC1C-EDB2-427EAF28005C}.Release|Any CPU.Build.0 = Release|Any CPU
		{F9B80065-09CA-B17B-CE85-5E18EC8748C1}.Debug|Any CPU.ActiveCfg = Debug|Any CPU
		{F9B80065-09CA-B17B-CE85-5E18EC8748C1}.Debug|Any CPU.Build.0 = Debug|Any CPU
		{F9B80065-09CA-B17B-CE85-5E18EC8748C1}.Release|Any CPU.ActiveCfg = Release|Any CPU
		{F9B80065-09CA-B17B-CE85-5E18EC8748C1}.Release|Any CPU.Build.0 = Release|Any CPU
		{AE0BEA4A-A059-139F-8574-DFD0E81C4329}.Debug|Any CPU.ActiveCfg = Debug|Any CPU
		{AE0BEA4A-A059-139F-8574-DFD0E81C4329}.Debug|Any CPU.Build.0 = Debug|Any CPU
		{AE0BEA4A-A059-139F-8574-DFD0E81C4329}.Release|Any CPU.ActiveCfg = Release|Any CPU
		{AE0BEA4A-A059-139F-8574-DFD0E81C4329}.Release|Any CPU.Build.0 = Release|Any CPU
		{24127EA3-1DD8-3339-034E-197EF0E0CE8E}.Debug|Any CPU.ActiveCfg = Debug|Any CPU
		{24127EA3-1DD8-3339-034E-197EF0E0CE8E}.Debug|Any CPU.Build.0 = Debug|Any CPU
		{24127EA3-1DD8-3339-034E-197EF0E0CE8E}.Release|Any CPU.ActiveCfg = Release|Any CPU
		{24127EA3-1DD8-3339-034E-197EF0E0CE8E}.Release|Any CPU.Build.0 = Release|Any CPU
		{E349A0F2-48EF-135C-8843-481209E5B1D9}.Debug|Any CPU.ActiveCfg = Debug|Any CPU
		{E349A0F2-48EF-135C-8843-481209E5B1D9}.Debug|Any CPU.Build.0 = Debug|Any CPU
		{E349A0F2-48EF-135C-8843-481209E5B1D9}.Release|Any CPU.ActiveCfg = Release|Any CPU
		{E349A0F2-48EF-135C-8843-481209E5B1D9}.Release|Any CPU.Build.0 = Release|Any CPU
		{1DB2735E-430A-A931-0C70-8033E26ABA07}.Debug|Any CPU.ActiveCfg = Debug|Any CPU
		{1DB2735E-430A-A931-0C70-8033E26ABA07}.Debug|Any CPU.Build.0 = Debug|Any CPU
		{1DB2735E-430A-A931-0C70-8033E26ABA07}.Release|Any CPU.ActiveCfg = Release|Any CPU
		{1DB2735E-430A-A931-0C70-8033E26ABA07}.Release|Any CPU.Build.0 = Release|Any CPU
		{9E9DFBD5-68B0-E6A2-8809-22BFFBFAFDD0}.Debug|Any CPU.ActiveCfg = Debug|Any CPU
		{9E9DFBD5-68B0-E6A2-8809-22BFFBFAFDD0}.Debug|Any CPU.Build.0 = Debug|Any CPU
		{9E9DFBD5-68B0-E6A2-8809-22BFFBFAFDD0}.Release|Any CPU.ActiveCfg = Release|Any CPU
		{9E9DFBD5-68B0-E6A2-8809-22BFFBFAFDD0}.Release|Any CPU.Build.0 = Release|Any CPU
		{1F60BB80-24B9-8776-BEC6-A6E5057513A2}.Debug|Any CPU.ActiveCfg = Debug|Any CPU
		{1F60BB80-24B9-8776-BEC6-A6E5057513A2}.Debug|Any CPU.Build.0 = Debug|Any CPU
		{1F60BB80-24B9-8776-BEC6-A6E5057513A2}.Release|Any CPU.ActiveCfg = Release|Any CPU
		{1F60BB80-24B9-8776-BEC6-A6E5057513A2}.Release|Any CPU.Build.0 = Release|Any CPU
		{866E2429-D6AD-0538-2B16-788CA6CE3B6F}.Debug|Any CPU.ActiveCfg = Debug|Any CPU
		{866E2429-D6AD-0538-2B16-788CA6CE3B6F}.Debug|Any CPU.Build.0 = Debug|Any CPU
		{866E2429-D6AD-0538-2B16-788CA6CE3B6F}.Release|Any CPU.ActiveCfg = Release|Any CPU
		{866E2429-D6AD-0538-2B16-788CA6CE3B6F}.Release|Any CPU.Build.0 = Release|Any CPU
		{F69A1824-2A48-A081-1287-4C5FE3319E74}.Debug|Any CPU.ActiveCfg = Debug|Any CPU
		{F69A1824-2A48-A081-1287-4C5FE3319E74}.Debug|Any CPU.Build.0 = Debug|Any CPU
		{F69A1824-2A48-A081-1287-4C5FE3319E74}.Release|Any CPU.ActiveCfg = Release|Any CPU
		{F69A1824-2A48-A081-1287-4C5FE3319E74}.Release|Any CPU.Build.0 = Release|Any CPU
		{E92F8704-4442-EE7A-AF98-F59875826E74}.Debug|Any CPU.ActiveCfg = Debug|Any CPU
		{E92F8704-4442-EE7A-AF98-F59875826E74}.Debug|Any CPU.Build.0 = Debug|Any CPU
		{E92F8704-4442-EE7A-AF98-F59875826E74}.Release|Any CPU.ActiveCfg = Release|Any CPU
		{E92F8704-4442-EE7A-AF98-F59875826E74}.Release|Any CPU.Build.0 = Release|Any CPU
		{09DB7CBB-CF10-F475-ADD1-A3D0FDA971E2}.Debug|Any CPU.ActiveCfg = Debug|Any CPU
		{09DB7CBB-CF10-F475-ADD1-A3D0FDA971E2}.Debug|Any CPU.Build.0 = Debug|Any CPU
		{09DB7CBB-CF10-F475-ADD1-A3D0FDA971E2}.Release|Any CPU.ActiveCfg = Release|Any CPU
		{09DB7CBB-CF10-F475-ADD1-A3D0FDA971E2}.Release|Any CPU.Build.0 = Release|Any CPU
		{65984421-A489-E223-FFB2-CA92D1326FB5}.Debug|Any CPU.ActiveCfg = Debug|Any CPU
		{65984421-A489-E223-FFB2-CA92D1326FB5}.Debug|Any CPU.Build.0 = Debug|Any CPU
		{65984421-A489-E223-FFB2-CA92D1326FB5}.Release|Any CPU.ActiveCfg = Release|Any CPU
		{65984421-A489-E223-FFB2-CA92D1326FB5}.Release|Any CPU.Build.0 = Release|Any CPU
		{EDC0B884-495A-A977-C83C-6D336D4B27AF}.Debug|Any CPU.ActiveCfg = Debug|Any CPU
		{EDC0B884-495A-A977-C83C-6D336D4B27AF}.Debug|Any CPU.Build.0 = Debug|Any CPU
		{EDC0B884-495A-A977-C83C-6D336D4B27AF}.Release|Any CPU.ActiveCfg = Release|Any CPU
		{EDC0B884-495A-A977-C83C-6D336D4B27AF}.Release|Any CPU.Build.0 = Release|Any CPU
		{49B9FB4E-6D8C-F15A-67FD-5BEBCE188A5F}.Debug|Any CPU.ActiveCfg = Debug|Any CPU
		{49B9FB4E-6D8C-F15A-67FD-5BEBCE188A5F}.Debug|Any CPU.Build.0 = Debug|Any CPU
		{49B9FB4E-6D8C-F15A-67FD-5BEBCE188A5F}.Release|Any CPU.ActiveCfg = Release|Any CPU
		{49B9FB4E-6D8C-F15A-67FD-5BEBCE188A5F}.Release|Any CPU.Build.0 = Release|Any CPU
		{C8DF2A7A-87E7-F810-AD2B-E2E4089A3B58}.Debug|Any CPU.ActiveCfg = Debug|Any CPU
		{C8DF2A7A-87E7-F810-AD2B-E2E4089A3B58}.Debug|Any CPU.Build.0 = Debug|Any CPU
		{C8DF2A7A-87E7-F810-AD2B-E2E4089A3B58}.Release|Any CPU.ActiveCfg = Release|Any CPU
		{C8DF2A7A-87E7-F810-AD2B-E2E4089A3B58}.Release|Any CPU.Build.0 = Release|Any CPU
		{B040BF3D-9562-1B18-762E-18518E42D36C}.Debug|Any CPU.ActiveCfg = Debug|Any CPU
		{B040BF3D-9562-1B18-762E-18518E42D36C}.Debug|Any CPU.Build.0 = Debug|Any CPU
		{B040BF3D-9562-1B18-762E-18518E42D36C}.Release|Any CPU.ActiveCfg = Release|Any CPU
		{B040BF3D-9562-1B18-762E-18518E42D36C}.Release|Any CPU.Build.0 = Release|Any CPU
		{76F24933-D485-7AA2-8CE1-EC1A1A5C9A1B}.Debug|Any CPU.ActiveCfg = Debug|Any CPU
		{76F24933-D485-7AA2-8CE1-EC1A1A5C9A1B}.Debug|Any CPU.Build.0 = Debug|Any CPU
		{76F24933-D485-7AA2-8CE1-EC1A1A5C9A1B}.Release|Any CPU.ActiveCfg = Release|Any CPU
		{76F24933-D485-7AA2-8CE1-EC1A1A5C9A1B}.Release|Any CPU.Build.0 = Release|Any CPU
		{F6287AE1-B7F1-AB78-B5AC-558D128C5229}.Debug|Any CPU.ActiveCfg = Debug|Any CPU
		{F6287AE1-B7F1-AB78-B5AC-558D128C5229}.Debug|Any CPU.Build.0 = Debug|Any CPU
		{F6287AE1-B7F1-AB78-B5AC-558D128C5229}.Release|Any CPU.ActiveCfg = Release|Any CPU
		{F6287AE1-B7F1-AB78-B5AC-558D128C5229}.Release|Any CPU.Build.0 = Release|Any CPU
		{902CD105-081F-6418-CDF4-802784F6AA5D}.Debug|Any CPU.ActiveCfg = Debug|Any CPU
		{902CD105-081F-6418-CDF4-802784F6AA5D}.Debug|Any CPU.Build.0 = Debug|Any CPU
		{902CD105-081F-6418-CDF4-802784F6AA5D}.Release|Any CPU.ActiveCfg = Release|Any CPU
		{902CD105-081F-6418-CDF4-802784F6AA5D}.Release|Any CPU.Build.0 = Release|Any CPU
		{9F1ECAB6-8254-87ED-3E11-15C9DDA23EC6}.Debug|Any CPU.ActiveCfg = Debug|Any CPU
		{9F1ECAB6-8254-87ED-3E11-15C9DDA23EC6}.Debug|Any CPU.Build.0 = Debug|Any CPU
		{9F1ECAB6-8254-87ED-3E11-15C9DDA23EC6}.Release|Any CPU.ActiveCfg = Release|Any CPU
		{9F1ECAB6-8254-87ED-3E11-15C9DDA23EC6}.Release|Any CPU.Build.0 = Release|Any CPU
		{68262AF7-DED0-3AF0-C0CF-E1F45E595918}.Debug|Any CPU.ActiveCfg = Debug|Any CPU
		{68262AF7-DED0-3AF0-C0CF-E1F45E595918}.Debug|Any CPU.Build.0 = Debug|Any CPU
		{68262AF7-DED0-3AF0-C0CF-E1F45E595918}.Release|Any CPU.ActiveCfg = Release|Any CPU
		{68262AF7-DED0-3AF0-C0CF-E1F45E595918}.Release|Any CPU.Build.0 = Release|Any CPU
		{47E39EBE-7FA8-27D8-BE8E-7100574B46B8}.Debug|Any CPU.ActiveCfg = Debug|Any CPU
		{47E39EBE-7FA8-27D8-BE8E-7100574B46B8}.Debug|Any CPU.Build.0 = Debug|Any CPU
		{47E39EBE-7FA8-27D8-BE8E-7100574B46B8}.Release|Any CPU.ActiveCfg = Release|Any CPU
		{47E39EBE-7FA8-27D8-BE8E-7100574B46B8}.Release|Any CPU.Build.0 = Release|Any CPU
		{D0624140-A441-6EED-A107-FE1E4D64922A}.Debug|Any CPU.ActiveCfg = Debug|Any CPU
		{D0624140-A441-6EED-A107-FE1E4D64922A}.Debug|Any CPU.Build.0 = Debug|Any CPU
		{D0624140-A441-6EED-A107-FE1E4D64922A}.Release|Any CPU.ActiveCfg = Release|Any CPU
		{D0624140-A441-6EED-A107-FE1E4D64922A}.Release|Any CPU.Build.0 = Release|Any CPU
		{CB2D7CED-3614-5602-54E6-42A4F270848F}.Debug|Any CPU.ActiveCfg = Debug|Any CPU
		{CB2D7CED-3614-5602-54E6-42A4F270848F}.Debug|Any CPU.Build.0 = Debug|Any CPU
		{CB2D7CED-3614-5602-54E6-42A4F270848F}.Release|Any CPU.ActiveCfg = Release|Any CPU
		{CB2D7CED-3614-5602-54E6-42A4F270848F}.Release|Any CPU.Build.0 = Release|Any CPU
		{5397AAEE-DCE8-FFF1-253A-22B9D8E6C650}.Debug|Any CPU.ActiveCfg = Debug|Any CPU
		{5397AAEE-DCE8-FFF1-253A-22B9D8E6C650}.Debug|Any CPU.Build.0 = Debug|Any CPU
		{5397AAEE-DCE8-FFF1-253A-22B9D8E6C650}.Release|Any CPU.ActiveCfg = Release|Any CPU
		{5397AAEE-DCE8-FFF1-253A-22B9D8E6C650}.Release|Any CPU.Build.0 = Release|Any CPU
		{61D14613-3806-7D4B-9279-A989A3385FAF}.Debug|Any CPU.ActiveCfg = Debug|Any CPU
		{61D14613-3806-7D4B-9279-A989A3385FAF}.Debug|Any CPU.Build.0 = Debug|Any CPU
		{61D14613-3806-7D4B-9279-A989A3385FAF}.Release|Any CPU.ActiveCfg = Release|Any CPU
		{61D14613-3806-7D4B-9279-A989A3385FAF}.Release|Any CPU.Build.0 = Release|Any CPU
		{489DF173-33C5-FBBC-6D8E-93CE43776321}.Debug|Any CPU.ActiveCfg = Debug|Any CPU
		{489DF173-33C5-FBBC-6D8E-93CE43776321}.Debug|Any CPU.Build.0 = Debug|Any CPU
		{489DF173-33C5-FBBC-6D8E-93CE43776321}.Release|Any CPU.ActiveCfg = Release|Any CPU
		{489DF173-33C5-FBBC-6D8E-93CE43776321}.Release|Any CPU.Build.0 = Release|Any CPU
		{57A5045B-7234-2D04-501D-C446A2236D7E}.Debug|Any CPU.ActiveCfg = Debug|Any CPU
		{57A5045B-7234-2D04-501D-C446A2236D7E}.Debug|Any CPU.Build.0 = Debug|Any CPU
		{57A5045B-7234-2D04-501D-C446A2236D7E}.Release|Any CPU.ActiveCfg = Release|Any CPU
		{57A5045B-7234-2D04-501D-C446A2236D7E}.Release|Any CPU.Build.0 = Release|Any CPU
		{4E8EB82C-E091-CFF5-AD62-41CDB85B1ECE}.Debug|Any CPU.ActiveCfg = Debug|Any CPU
		{4E8EB82C-E091-CFF5-AD62-41CDB85B1ECE}.Debug|Any CPU.Build.0 = Debug|Any CPU
		{4E8EB82C-E091-CFF5-AD62-41CDB85B1ECE}.Release|Any CPU.ActiveCfg = Release|Any CPU
		{4E8EB82C-E091-CFF5-AD62-41CDB85B1ECE}.Release|Any CPU.Build.0 = Release|Any CPU
		{8F7423F5-8F2A-97BA-F4EA-B08ABB109A99}.Debug|Any CPU.ActiveCfg = Debug|Any CPU
		{8F7423F5-8F2A-97BA-F4EA-B08ABB109A99}.Debug|Any CPU.Build.0 = Debug|Any CPU
		{8F7423F5-8F2A-97BA-F4EA-B08ABB109A99}.Release|Any CPU.ActiveCfg = Release|Any CPU
		{8F7423F5-8F2A-97BA-F4EA-B08ABB109A99}.Release|Any CPU.Build.0 = Release|Any CPU
		{5CBE42DB-13D2-826E-5B52-EFE536A125A5}.Debug|Any CPU.ActiveCfg = Debug|Any CPU
		{5CBE42DB-13D2-826E-5B52-EFE536A125A5}.Debug|Any CPU.Build.0 = Debug|Any CPU
		{5CBE42DB-13D2-826E-5B52-EFE536A125A5}.Release|Any CPU.ActiveCfg = Release|Any CPU
		{5CBE42DB-13D2-826E-5B52-EFE536A125A5}.Release|Any CPU.Build.0 = Release|Any CPU
		{E49108B7-E63E-5947-E911-CDBAB23EA51C}.Debug|Any CPU.ActiveCfg = Debug|Any CPU
		{E49108B7-E63E-5947-E911-CDBAB23EA51C}.Debug|Any CPU.Build.0 = Debug|Any CPU
		{E49108B7-E63E-5947-E911-CDBAB23EA51C}.Release|Any CPU.ActiveCfg = Release|Any CPU
		{E49108B7-E63E-5947-E911-CDBAB23EA51C}.Release|Any CPU.Build.0 = Release|Any CPU
		{ABE29724-8ECD-69A5-1AE1-8D164C1E8B20}.Debug|Any CPU.ActiveCfg = Debug|Any CPU
		{ABE29724-8ECD-69A5-1AE1-8D164C1E8B20}.Debug|Any CPU.Build.0 = Debug|Any CPU
		{ABE29724-8ECD-69A5-1AE1-8D164C1E8B20}.Release|Any CPU.ActiveCfg = Release|Any CPU
		{ABE29724-8ECD-69A5-1AE1-8D164C1E8B20}.Release|Any CPU.Build.0 = Release|Any CPU
		{3B1D2722-9ED0-E0A4-CD02-7E43A38C71BF}.Debug|Any CPU.ActiveCfg = Debug|Any CPU
		{3B1D2722-9ED0-E0A4-CD02-7E43A38C71BF}.Debug|Any CPU.Build.0 = Debug|Any CPU
		{3B1D2722-9ED0-E0A4-CD02-7E43A38C71BF}.Release|Any CPU.ActiveCfg = Release|Any CPU
		{3B1D2722-9ED0-E0A4-CD02-7E43A38C71BF}.Release|Any CPU.Build.0 = Release|Any CPU
		{B566DF84-9100-CCA3-BA73-C1A1D0583F08}.Debug|Any CPU.ActiveCfg = Debug|Any CPU
		{B566DF84-9100-CCA3-BA73-C1A1D0583F08}.Debug|Any CPU.Build.0 = Debug|Any CPU
		{B566DF84-9100-CCA3-BA73-C1A1D0583F08}.Release|Any CPU.ActiveCfg = Release|Any CPU
		{B566DF84-9100-CCA3-BA73-C1A1D0583F08}.Release|Any CPU.Build.0 = Release|Any CPU
		{3F1685C0-F682-7AEF-2B15-28E57F7E8950}.Debug|Any CPU.ActiveCfg = Debug|Any CPU
		{3F1685C0-F682-7AEF-2B15-28E57F7E8950}.Debug|Any CPU.Build.0 = Debug|Any CPU
		{3F1685C0-F682-7AEF-2B15-28E57F7E8950}.Release|Any CPU.ActiveCfg = Release|Any CPU
		{3F1685C0-F682-7AEF-2B15-28E57F7E8950}.Release|Any CPU.Build.0 = Release|Any CPU
		{A771B6B5-7A65-C6F9-21F2-77A96F497E7D}.Debug|Any CPU.ActiveCfg = Debug|Any CPU
		{A771B6B5-7A65-C6F9-21F2-77A96F497E7D}.Debug|Any CPU.Build.0 = Debug|Any CPU
		{A771B6B5-7A65-C6F9-21F2-77A96F497E7D}.Release|Any CPU.ActiveCfg = Release|Any CPU
		{A771B6B5-7A65-C6F9-21F2-77A96F497E7D}.Release|Any CPU.Build.0 = Release|Any CPU
		{21BBA3B5-51B8-0AF0-950E-D00A46B12C24}.Debug|Any CPU.ActiveCfg = Debug|Any CPU
		{21BBA3B5-51B8-0AF0-950E-D00A46B12C24}.Debug|Any CPU.Build.0 = Debug|Any CPU
		{21BBA3B5-51B8-0AF0-950E-D00A46B12C24}.Release|Any CPU.ActiveCfg = Release|Any CPU
		{21BBA3B5-51B8-0AF0-950E-D00A46B12C24}.Release|Any CPU.Build.0 = Release|Any CPU
		{9D57E04D-A124-99B5-1EEF-20ACD0D33F13}.Debug|Any CPU.ActiveCfg = Debug|Any CPU
		{9D57E04D-A124-99B5-1EEF-20ACD0D33F13}.Debug|Any CPU.Build.0 = Debug|Any CPU
		{9D57E04D-A124-99B5-1EEF-20ACD0D33F13}.Release|Any CPU.ActiveCfg = Release|Any CPU
		{9D57E04D-A124-99B5-1EEF-20ACD0D33F13}.Release|Any CPU.Build.0 = Release|Any CPU
		{98C079E6-498F-52D9-C557-24DCD40B39E2}.Debug|Any CPU.ActiveCfg = Debug|Any CPU
		{98C079E6-498F-52D9-C557-24DCD40B39E2}.Debug|Any CPU.Build.0 = Debug|Any CPU
		{98C079E6-498F-52D9-C557-24DCD40B39E2}.Release|Any CPU.ActiveCfg = Release|Any CPU
		{98C079E6-498F-52D9-C557-24DCD40B39E2}.Release|Any CPU.Build.0 = Release|Any CPU
		{237C8A5C-EC7D-B0B2-38BC-D2346B815BB9}.Debug|Any CPU.ActiveCfg = Debug|Any CPU
		{237C8A5C-EC7D-B0B2-38BC-D2346B815BB9}.Debug|Any CPU.Build.0 = Debug|Any CPU
		{237C8A5C-EC7D-B0B2-38BC-D2346B815BB9}.Release|Any CPU.ActiveCfg = Release|Any CPU
		{237C8A5C-EC7D-B0B2-38BC-D2346B815BB9}.Release|Any CPU.Build.0 = Release|Any CPU
		{89FC8863-3726-61D5-2430-3C24F6E641ED}.Debug|Any CPU.ActiveCfg = Debug|Any CPU
		{89FC8863-3726-61D5-2430-3C24F6E641ED}.Debug|Any CPU.Build.0 = Debug|Any CPU
		{89FC8863-3726-61D5-2430-3C24F6E641ED}.Release|Any CPU.ActiveCfg = Release|Any CPU
		{89FC8863-3726-61D5-2430-3C24F6E641ED}.Release|Any CPU.Build.0 = Release|Any CPU
		{3B0685D7-0C62-772A-6E61-45ACDE433C71}.Debug|Any CPU.ActiveCfg = Debug|Any CPU
		{3B0685D7-0C62-772A-6E61-45ACDE433C71}.Debug|Any CPU.Build.0 = Debug|Any CPU
		{3B0685D7-0C62-772A-6E61-45ACDE433C71}.Release|Any CPU.ActiveCfg = Release|Any CPU
		{3B0685D7-0C62-772A-6E61-45ACDE433C71}.Release|Any CPU.Build.0 = Release|Any CPU
		{56FF60E5-AD58-3701-B5DA-9217B4D5EA67}.Debug|Any CPU.ActiveCfg = Debug|Any CPU
		{56FF60E5-AD58-3701-B5DA-9217B4D5EA67}.Debug|Any CPU.Build.0 = Debug|Any CPU
		{56FF60E5-AD58-3701-B5DA-9217B4D5EA67}.Release|Any CPU.ActiveCfg = Release|Any CPU
		{56FF60E5-AD58-3701-B5DA-9217B4D5EA67}.Release|Any CPU.Build.0 = Release|Any CPU
		{60D769D8-7D36-2471-6635-17E45DE820CA}.Debug|Any CPU.ActiveCfg = Debug|Any CPU
		{60D769D8-7D36-2471-6635-17E45DE820CA}.Debug|Any CPU.Build.0 = Debug|Any CPU
		{60D769D8-7D36-2471-6635-17E45DE820CA}.Release|Any CPU.ActiveCfg = Release|Any CPU
		{60D769D8-7D36-2471-6635-17E45DE820CA}.Release|Any CPU.Build.0 = Release|Any CPU
		{86E32206-90A3-AE18-4496-6E9B747B3232}.Debug|Any CPU.ActiveCfg = Debug|Any CPU
		{86E32206-90A3-AE18-4496-6E9B747B3232}.Debug|Any CPU.Build.0 = Debug|Any CPU
		{86E32206-90A3-AE18-4496-6E9B747B3232}.Release|Any CPU.ActiveCfg = Release|Any CPU
		{86E32206-90A3-AE18-4496-6E9B747B3232}.Release|Any CPU.Build.0 = Release|Any CPU
		{1BFF5BCB-B54A-0EDD-21B4-1E590288CE1C}.Debug|Any CPU.ActiveCfg = Debug|Any CPU
		{1BFF5BCB-B54A-0EDD-21B4-1E590288CE1C}.Debug|Any CPU.Build.0 = Debug|Any CPU
		{1BFF5BCB-B54A-0EDD-21B4-1E590288CE1C}.Release|Any CPU.ActiveCfg = Release|Any CPU
		{1BFF5BCB-B54A-0EDD-21B4-1E590288CE1C}.Release|Any CPU.Build.0 = Release|Any CPU
		{B9969499-BE65-2CB9-2001-11F4A91EDAE5}.Debug|Any CPU.ActiveCfg = Debug|Any CPU
		{B9969499-BE65-2CB9-2001-11F4A91EDAE5}.Debug|Any CPU.Build.0 = Debug|Any CPU
		{B9969499-BE65-2CB9-2001-11F4A91EDAE5}.Release|Any CPU.ActiveCfg = Release|Any CPU
		{B9969499-BE65-2CB9-2001-11F4A91EDAE5}.Release|Any CPU.Build.0 = Release|Any CPU
		{B63EBAFF-5A6C-7A06-A1DB-EE17D86E3E6C}.Debug|Any CPU.ActiveCfg = Debug|Any CPU
		{B63EBAFF-5A6C-7A06-A1DB-EE17D86E3E6C}.Debug|Any CPU.Build.0 = Debug|Any CPU
		{B63EBAFF-5A6C-7A06-A1DB-EE17D86E3E6C}.Release|Any CPU.ActiveCfg = Release|Any CPU
		{B63EBAFF-5A6C-7A06-A1DB-EE17D86E3E6C}.Release|Any CPU.Build.0 = Release|Any CPU
		{775724F3-0034-2151-A842-F1C2C4A0AD83}.Debug|Any CPU.ActiveCfg = Debug|Any CPU
		{775724F3-0034-2151-A842-F1C2C4A0AD83}.Debug|Any CPU.Build.0 = Debug|Any CPU
		{775724F3-0034-2151-A842-F1C2C4A0AD83}.Release|Any CPU.ActiveCfg = Release|Any CPU
		{775724F3-0034-2151-A842-F1C2C4A0AD83}.Release|Any CPU.Build.0 = Release|Any CPU
		{B9477C58-8057-95F3-B6A8-CD22ACBE09AD}.Debug|Any CPU.ActiveCfg = Debug|Any CPU
		{B9477C58-8057-95F3-B6A8-CD22ACBE09AD}.Debug|Any CPU.Build.0 = Debug|Any CPU
		{B9477C58-8057-95F3-B6A8-CD22ACBE09AD}.Release|Any CPU.ActiveCfg = Release|Any CPU
		{B9477C58-8057-95F3-B6A8-CD22ACBE09AD}.Release|Any CPU.Build.0 = Release|Any CPU
		{03E2357E-FC95-E5EB-80DD-ACAD8124F7C1}.Debug|Any CPU.ActiveCfg = Debug|Any CPU
		{03E2357E-FC95-E5EB-80DD-ACAD8124F7C1}.Debug|Any CPU.Build.0 = Debug|Any CPU
		{03E2357E-FC95-E5EB-80DD-ACAD8124F7C1}.Release|Any CPU.ActiveCfg = Release|Any CPU
		{03E2357E-FC95-E5EB-80DD-ACAD8124F7C1}.Release|Any CPU.Build.0 = Release|Any CPU
		{D8DF584D-8E5D-A01B-1035-99EF83206C2C}.Debug|Any CPU.ActiveCfg = Debug|Any CPU
		{D8DF584D-8E5D-A01B-1035-99EF83206C2C}.Debug|Any CPU.Build.0 = Debug|Any CPU
		{D8DF584D-8E5D-A01B-1035-99EF83206C2C}.Release|Any CPU.ActiveCfg = Release|Any CPU
		{D8DF584D-8E5D-A01B-1035-99EF83206C2C}.Release|Any CPU.Build.0 = Release|Any CPU
		{CED1AB3C-174C-0970-EAA2-271B8D0305E9}.Debug|Any CPU.ActiveCfg = Debug|Any CPU
		{CED1AB3C-174C-0970-EAA2-271B8D0305E9}.Debug|Any CPU.Build.0 = Debug|Any CPU
		{CED1AB3C-174C-0970-EAA2-271B8D0305E9}.Release|Any CPU.ActiveCfg = Release|Any CPU
		{CED1AB3C-174C-0970-EAA2-271B8D0305E9}.Release|Any CPU.Build.0 = Release|Any CPU
		{4EE5EA6B-7020-1D6E-D0BF-D2D08476639E}.Debug|Any CPU.ActiveCfg = Debug|Any CPU
		{4EE5EA6B-7020-1D6E-D0BF-D2D08476639E}.Debug|Any CPU.Build.0 = Debug|Any CPU
		{4EE5EA6B-7020-1D6E-D0BF-D2D08476639E}.Release|Any CPU.ActiveCfg = Release|Any CPU
		{4EE5EA6B-7020-1D6E-D0BF-D2D08476639E}.Release|Any CPU.Build.0 = Release|Any CPU
		{CCEC213A-317D-19CC-DDC2-BADB58810D96}.Debug|Any CPU.ActiveCfg = Debug|Any CPU
		{CCEC213A-317D-19CC-DDC2-BADB58810D96}.Debug|Any CPU.Build.0 = Debug|Any CPU
		{CCEC213A-317D-19CC-DDC2-BADB58810D96}.Release|Any CPU.ActiveCfg = Release|Any CPU
		{CCEC213A-317D-19CC-DDC2-BADB58810D96}.Release|Any CPU.Build.0 = Release|Any CPU
		{B1D33AE8-8BB9-E3DF-4F57-85A19A446C2A}.Debug|Any CPU.ActiveCfg = Debug|Any CPU
		{B1D33AE8-8BB9-E3DF-4F57-85A19A446C2A}.Debug|Any CPU.Build.0 = Debug|Any CPU
		{B1D33AE8-8BB9-E3DF-4F57-85A19A446C2A}.Release|Any CPU.ActiveCfg = Release|Any CPU
		{B1D33AE8-8BB9-E3DF-4F57-85A19A446C2A}.Release|Any CPU.Build.0 = Release|Any CPU
		{B97D70E3-FC75-20F7-47D3-17DE725727DA}.Debug|Any CPU.ActiveCfg = Debug|Any CPU
		{B97D70E3-FC75-20F7-47D3-17DE725727DA}.Debug|Any CPU.Build.0 = Debug|Any CPU
		{B97D70E3-FC75-20F7-47D3-17DE725727DA}.Release|Any CPU.ActiveCfg = Release|Any CPU
		{B97D70E3-FC75-20F7-47D3-17DE725727DA}.Release|Any CPU.Build.0 = Release|Any CPU
		{E4FA491A-7FF5-8D5E-AA50-772781158E13}.Debug|Any CPU.ActiveCfg = Debug|Any CPU
		{E4FA491A-7FF5-8D5E-AA50-772781158E13}.Debug|Any CPU.Build.0 = Debug|Any CPU
		{E4FA491A-7FF5-8D5E-AA50-772781158E13}.Release|Any CPU.ActiveCfg = Release|Any CPU
		{E4FA491A-7FF5-8D5E-AA50-772781158E13}.Release|Any CPU.Build.0 = Release|Any CPU
		{1596AEB9-D59D-B09D-4C6F-A76AE3FE43FD}.Debug|Any CPU.ActiveCfg = Debug|Any CPU
		{1596AEB9-D59D-B09D-4C6F-A76AE3FE43FD}.Debug|Any CPU.Build.0 = Debug|Any CPU
		{1596AEB9-D59D-B09D-4C6F-A76AE3FE43FD}.Release|Any CPU.ActiveCfg = Release|Any CPU
		{1596AEB9-D59D-B09D-4C6F-A76AE3FE43FD}.Release|Any CPU.Build.0 = Release|Any CPU
		{1D9421AB-9DBE-E2D7-A517-E6D3AAB91599}.Debug|Any CPU.ActiveCfg = Debug|Any CPU
		{1D9421AB-9DBE-E2D7-A517-E6D3AAB91599}.Debug|Any CPU.Build.0 = Debug|Any CPU
		{1D9421AB-9DBE-E2D7-A517-E6D3AAB91599}.Release|Any CPU.ActiveCfg = Release|Any CPU
		{1D9421AB-9DBE-E2D7-A517-E6D3AAB91599}.Release|Any CPU.Build.0 = Release|Any CPU
		{0E802292-4346-0709-7FE1-B1669ED946EA}.Debug|Any CPU.ActiveCfg = Debug|Any CPU
		{0E802292-4346-0709-7FE1-B1669ED946EA}.Debug|Any CPU.Build.0 = Debug|Any CPU
		{0E802292-4346-0709-7FE1-B1669ED946EA}.Release|Any CPU.ActiveCfg = Release|Any CPU
		{0E802292-4346-0709-7FE1-B1669ED946EA}.Release|Any CPU.Build.0 = Release|Any CPU
	EndGlobalSection
	GlobalSection(SolutionProperties) = preSolution
		HideSolutionNode = FALSE
	EndGlobalSection
EndGlobal
